PODS:
  - Alamofire (5.6.1)
  - KeychainSwift (20.0.0)
  - MetalPetal/Core (1.24.1)
  - MetalPetal/Swift (1.24.1):
    - MetalPetal/Core
  - Sodium (0.9.1)

DEPENDENCIES:
  - Alamofire (~> 5.6.1)
  - KeychainSwift (~> 20.0.0)
  - MetalPetal/Swift (~> 1.24.1)
  - Sodium

SPEC REPOS:
  trunk:
    - Alamofire
    - KeychainSwift
    - MetalPetal
    - Sodium

SPEC CHECKSUMS:
  Alamofire: 87bd8c952f9a4454320fce00d9cc3de57bcadaf5
  KeychainSwift: 0ce6a4d13f7228054d1a71bb1b500448fb2ab837
  MetalPetal: 5801c52cb1ce686743f2d1955456bfcaba112832
  Sodium: 23d11554ecd556196d313cf6130d406dfe7ac6da

PODFILE CHECKSUM: 1638b83df510cab73c61c9a805e7327f1da2348a

COCOAPODS: 1.11.3
