PODS:
  - Alamofire (5.6.1)
  - KeychainSwift (20.0.0)
  - Sodium (0.9.1)

DEPENDENCIES:
  - Alamofire (~> 5.6.1)
  - KeychainSwift (~> 20.0.0)
  - Sodium

SPEC REPOS:
  trunk:
    - Alamofire
    - KeychainSwift
    - Sodium

SPEC CHECKSUMS:
  Alamofire: 87bd8c952f9a4454320fce00d9cc3de57bcadaf5
  KeychainSwift: 0ce6a4d13f7228054d1a71bb1b500448fb2ab837
  Sodium: 23d11554ecd556196d313cf6130d406dfe7ac6da

PODFILE CHECKSUM: d460c004f7d309108e324162cff3926516c75d35

COCOAPODS: 1.11.3
