// !$*UTF8*$!
{
	archiveVersion = 1;
	classes = {
	};
	objectVersion = 51;
	objects = {

/* Begin PBXBuildFile section */
		62048A64240E97FF006207AC /* Home.storyboard in Resources */ = {isa = PBXBuildFile; fileRef = 62048A63240E97FF006207AC /* Home.storyboard */; };
		62048A67240E99BE006207AC /* User.swift in Sources */ = {isa = PBXBuildFile; fileRef = 62048A66240E99BE006207AC /* User.swift */; };
		62048A69240EDBDD006207AC /* SignInVM.swift in Sources */ = {isa = PBXBuildFile; fileRef = 62048A68240EDBDD006207AC /* SignInVM.swift */; };
		62048A6B240EEC82006207AC /* NetworkManager.swift in Sources */ = {isa = PBXBuildFile; fileRef = 62048A6A240EEC82006207AC /* NetworkManager.swift */; };
		62048A6D240F1759006207AC /* IResponse.swift in Sources */ = {isa = PBXBuildFile; fileRef = 62048A6C240F1759006207AC /* IResponse.swift */; };
		62048A6F240F1766006207AC /* SPRequest.swift in Sources */ = {isa = PBXBuildFile; fileRef = 62048A6E240F1766006207AC /* SPRequest.swift */; };
		620C02D323FED4EC00999057 /* GalleryVC.swift in Sources */ = {isa = PBXBuildFile; fileRef = 620C02D223FED4EC00999057 /* GalleryVC.swift */; };
		620C02D523FED4FB00999057 /* TrashVC.swift in Sources */ = {isa = PBXBuildFile; fileRef = 620C02D423FED4FB00999057 /* TrashVC.swift */; };
		620C02D723FED51E00999057 /* BackupPhraseVC.swift in Sources */ = {isa = PBXBuildFile; fileRef = 620C02D623FED51E00999057 /* BackupPhraseVC.swift */; };
		620C02D923FED52E00999057 /* SettingsVC.swift in Sources */ = {isa = PBXBuildFile; fileRef = 620C02D823FED52E00999057 /* SettingsVC.swift */; };
		620E18CD2419F48200097A16 /* SPCollectionHeader.xib in Resources */ = {isa = PBXBuildFile; fileRef = 620E18CC2419F48200097A16 /* SPCollectionHeader.xib */; };
		620E18DD241A2E1C00097A16 /* SPMenuVC.swift in Sources */ = {isa = PBXBuildFile; fileRef = 620E18D9241A2E1C00097A16 /* SPMenuVC.swift */; };
		6226ABE9243149DA0053152E /* SPMediaFileManager.swift in Sources */ = {isa = PBXBuildFile; fileRef = 6226ABE8243149DA0053152E /* SPMediaFileManager.swift */; };
		6226ABEB243149FA0053152E /* SPMediaFile.swift in Sources */ = {isa = PBXBuildFile; fileRef = 6226ABEA243149FA0053152E /* SPMediaFile.swift */; };
		6233925F2406D11600A0F64F /* SPFileManager.swift in Sources */ = {isa = PBXBuildFile; fileRef = 6233925E2406D11600A0F64F /* SPFileManager.swift */; };
		6239B148240096B60041F703 /* Crypto+Extensions.swift in Sources */ = {isa = PBXBuildFile; fileRef = 6239B147240096B60041F703 /* Crypto+Extensions.swift */; };
		6242B7B1240DDEA00090BFE4 /* String+Extensions.swift in Sources */ = {isa = PBXBuildFile; fileRef = 6242B7B0240DDEA00090BFE4 /* String+Extensions.swift */; };
		6242B7C0240DE6930090BFE4 /* Roboto-Medium.ttf in Resources */ = {isa = PBXBuildFile; fileRef = 6242B7B3240DE6930090BFE4 /* Roboto-Medium.ttf */; };
		6242B7C1240DE6930090BFE4 /* NotoSans-Regular.ttf in Resources */ = {isa = PBXBuildFile; fileRef = 6242B7B4240DE6930090BFE4 /* NotoSans-Regular.ttf */; };
		6242B7C2240DE6930090BFE4 /* SF-Pro-Display-Heavy.ttf in Resources */ = {isa = PBXBuildFile; fileRef = 6242B7B5240DE6930090BFE4 /* SF-Pro-Display-Heavy.ttf */; };
		6242B7C3240DE6930090BFE4 /* SF-Pro-Display-Regular.otf in Resources */ = {isa = PBXBuildFile; fileRef = 6242B7B6240DE6930090BFE4 /* SF-Pro-Display-Regular.otf */; };
		6242B7C4240DE6930090BFE4 /* SF-UI-Display-Light.otf in Resources */ = {isa = PBXBuildFile; fileRef = 6242B7B7240DE6930090BFE4 /* SF-UI-Display-Light.otf */; };
		6242B7C5240DE6930090BFE4 /* Roboto-Regular.ttf in Resources */ = {isa = PBXBuildFile; fileRef = 6242B7B8240DE6930090BFE4 /* Roboto-Regular.ttf */; };
		6242B7C6240DE6930090BFE4 /* SF-Pro-Display-Medium.otf in Resources */ = {isa = PBXBuildFile; fileRef = 6242B7B9240DE6930090BFE4 /* SF-Pro-Display-Medium.otf */; };
		6242B7C7240DE6930090BFE4 /* SF Compact Display Medium.ttf in Resources */ = {isa = PBXBuildFile; fileRef = 6242B7BA240DE6930090BFE4 /* SF Compact Display Medium.ttf */; };
		6242B7C8240DE6930090BFE4 /* SF-Pro-Display-Light.ttf in Resources */ = {isa = PBXBuildFile; fileRef = 6242B7BB240DE6930090BFE4 /* SF-Pro-Display-Light.ttf */; };
		6242B7C9240DE6930090BFE4 /* SF-Pro-Display-Bold.ttf in Resources */ = {isa = PBXBuildFile; fileRef = 6242B7BC240DE6930090BFE4 /* SF-Pro-Display-Bold.ttf */; };
		6242B7CA240DE6930090BFE4 /* SF Compact Display Regular.ttf in Resources */ = {isa = PBXBuildFile; fileRef = 6242B7BD240DE6930090BFE4 /* SF Compact Display Regular.ttf */; };
		6242B7CB240DE6930090BFE4 /* SF-Pro-Display-Semibold.otf in Resources */ = {isa = PBXBuildFile; fileRef = 6242B7BE240DE6930090BFE4 /* SF-Pro-Display-Semibold.otf */; };
		6242B7CC240DE6930090BFE4 /* Montserrat-Regular.ttf in Resources */ = {isa = PBXBuildFile; fileRef = 6242B7BF240DE6930090BFE4 /* Montserrat-Regular.ttf */; };
		624658CD240F96540050F18F /* SPApplication.swift in Sources */ = {isa = PBXBuildFile; fileRef = 624658CC240F96540050F18F /* SPApplication.swift */; };
		624658D0240F99730050F18F /* KeyManagement.swift in Sources */ = {isa = PBXBuildFile; fileRef = 624658CF240F99730050F18F /* KeyManagement.swift */; };
		624A1947241115250002F1ED /* StingleModel.xcdatamodeld in Sources */ = {isa = PBXBuildFile; fileRef = 624A1945241115250002F1ED /* StingleModel.xcdatamodeld */; };
		624A197024116B370002F1ED /* GalleryVM.swift in Sources */ = {isa = PBXBuildFile; fileRef = 624A196F24116B370002F1ED /* GalleryVM.swift */; };
		624A197224116D8B0002F1ED /* DataBase.swift in Sources */ = {isa = PBXBuildFile; fileRef = 624A197124116D8B0002F1ED /* DataBase.swift */; };
		624A197424118CAE0002F1ED /* SPFile.swift in Sources */ = {isa = PBXBuildFile; fileRef = 624A197324118CAE0002F1ED /* SPFile.swift */; };
		624A678424040E9000436C2F /* CryptoTests.swift in Sources */ = {isa = PBXBuildFile; fileRef = 624A678324040E9000436C2F /* CryptoTests.swift */; };
		62504370241AB6FF00A90F3A /* Image+Extension.swift in Sources */ = {isa = PBXBuildFile; fileRef = 6250436F241AB6FF00A90F3A /* Image+Extension.swift */; };
		62504374241ACD2400A90F3A /* SPMenuCell.swift in Sources */ = {isa = PBXBuildFile; fileRef = 62504373241ACD2400A90F3A /* SPMenuCell.swift */; };
		62504376241AD24C00A90F3A /* SPMenuVM.swift in Sources */ = {isa = PBXBuildFile; fileRef = 62504375241AD24C00A90F3A /* SPMenuVM.swift */; };
		6251FC152444FF35002023B2 /* UITextField+Extensions.swift in Sources */ = {isa = PBXBuildFile; fileRef = 6251FC142444FF35002023B2 /* UITextField+Extensions.swift */; };
		6251FC1724454585002023B2 /* EventManager.swift in Sources */ = {isa = PBXBuildFile; fileRef = 6251FC1624454585002023B2 /* EventManager.swift */; };
		625F32A92419EB1E00477881 /* SPCollectionHeader.swift in Sources */ = {isa = PBXBuildFile; fileRef = 625F32A72419EB1E00477881 /* SPCollectionHeader.swift */; };
		62619354240D092D00562BDF /* SignInVC.swift in Sources */ = {isa = PBXBuildFile; fileRef = 62619353240D092D00562BDF /* SignInVC.swift */; };
		62619357240D094F00562BDF /* STSignUpVC.swift in Sources */ = {isa = PBXBuildFile; fileRef = 62619356240D094F00562BDF /* STSignUpVC.swift */; };
		62619359240D096000562BDF /* STLandingVC.swift in Sources */ = {isa = PBXBuildFile; fileRef = 62619358240D096000562BDF /* STLandingVC.swift */; };
		6261935B240D0E8400562BDF /* BaseVC.swift in Sources */ = {isa = PBXBuildFile; fileRef = 6261935A240D0E8400562BDF /* BaseVC.swift */; };
		6261935E240D4CA800562BDF /* HeaderPageVC.swift in Sources */ = {isa = PBXBuildFile; fileRef = 6261935D240D4CA800562BDF /* HeaderPageVC.swift */; };
		62619360240D4D2A00562BDF /* STLandingVM.swift in Sources */ = {isa = PBXBuildFile; fileRef = 6261935F240D4D2A00562BDF /* STLandingVM.swift */; };
		626AB75A2426BB0000168659 /* SPImagePageVC.swift in Sources */ = {isa = PBXBuildFile; fileRef = 626AB7592426BB0000168659 /* SPImagePageVC.swift */; };
		626AB75C2426C04000168659 /* SPMediaPreviewVM.swift in Sources */ = {isa = PBXBuildFile; fileRef = 626AB75B2426C04000168659 /* SPMediaPreviewVM.swift */; };
		626AB75F24280E2800168659 /* SPDatasource.swift in Sources */ = {isa = PBXBuildFile; fileRef = 626AB75E24280E2800168659 /* SPDatasource.swift */; };
		626B0607242EDDE60092B55E /* GalleryFrontVC.swift in Sources */ = {isa = PBXBuildFile; fileRef = 626B0606242EDDE60092B55E /* GalleryFrontVC.swift */; };
		627057AA24265A85006B70F4 /* SPImagePreviewVC.swift in Sources */ = {isa = PBXBuildFile; fileRef = 627057A924265A85006B70F4 /* SPImagePreviewVC.swift */; };
		6279CF2023FEBB0C008B18DA /* AppDelegate.swift in Sources */ = {isa = PBXBuildFile; fileRef = 6279CF1F23FEBB0C008B18DA /* AppDelegate.swift */; };
		6279CF2723FEBB0C008B18DA /* Welcome.storyboard in Resources */ = {isa = PBXBuildFile; fileRef = 6279CF2523FEBB0C008B18DA /* Welcome.storyboard */; };
		6279CF2923FEBB0D008B18DA /* Assets.xcassets in Resources */ = {isa = PBXBuildFile; fileRef = 6279CF2823FEBB0D008B18DA /* Assets.xcassets */; };
		6279CF2C23FEBB0D008B18DA /* LaunchScreen.storyboard in Resources */ = {isa = PBXBuildFile; fileRef = 6279CF2A23FEBB0D008B18DA /* LaunchScreen.storyboard */; };
		6284A4CC241582F8003C3FA5 /* SPCollectionViewCell.swift in Sources */ = {isa = PBXBuildFile; fileRef = 6284A4CA241582F8003C3FA5 /* SPCollectionViewCell.swift */; };
		6284A4CD241582F8003C3FA5 /* SPCollectionViewCell.xib in Resources */ = {isa = PBXBuildFile; fileRef = 6284A4CB241582F8003C3FA5 /* SPCollectionViewCell.xib */; };
		62AE6894240D55CD001EA58D /* Theme.swift in Sources */ = {isa = PBXBuildFile; fileRef = 62AE6893240D55CD001EA58D /* Theme.swift */; };
		62AE6896240D7E54001EA58D /* CurrentPageVC.swift in Sources */ = {isa = PBXBuildFile; fileRef = 62AE6895240D7E54001EA58D /* CurrentPageVC.swift */; };
		62AE6899240DDD21001EA58D /* Localizable.strings in Resources */ = {isa = PBXBuildFile; fileRef = 62AE689B240DDD21001EA58D /* Localizable.strings */; };
		62AE68A0240DDDBE001EA58D /* Localize.swift in Sources */ = {isa = PBXBuildFile; fileRef = 62AE689F240DDDBE001EA58D /* Localize.swift */; };
		62B9F63A2407EE2E0014E3AF /* CryptoError.swift in Sources */ = {isa = PBXBuildFile; fileRef = 62B9F6392407EE2E0014E3AF /* CryptoError.swift */; };
		62C0CAEA2461A6AC003C5756 /* Window.swift in Sources */ = {isa = PBXBuildFile; fileRef = 62C0CAE92461A6AC003C5756 /* Window.swift */; };
		62D9D0392453B4C60001D0D8 /* STSignUpVM.swift in Sources */ = {isa = PBXBuildFile; fileRef = 62D9D0382453B4C60001D0D8 /* STSignUpVM.swift */; };
		62E20E502468046A00563FC3 /* MobileVLCKit.framework in Frameworks */ = {isa = PBXBuildFile; fileRef = 62E20E4F2468046A00563FC3 /* MobileVLCKit.framework */; };
		62E20E522468062300563FC3 /* CoreImage.framework in Frameworks */ = {isa = PBXBuildFile; fileRef = 62E20E512468062300563FC3 /* CoreImage.framework */; };
		62E20E542468062E00563FC3 /* libc++.tbd in Frameworks */ = {isa = PBXBuildFile; fileRef = 62E20E532468062E00563FC3 /* libc++.tbd */; };
		62E20E562468063500563FC3 /* AVFoundation.framework in Frameworks */ = {isa = PBXBuildFile; fileRef = 62E20E552468063500563FC3 /* AVFoundation.framework */; };
		62E20E582468064500563FC3 /* CoreMedia.framework in Frameworks */ = {isa = PBXBuildFile; fileRef = 62E20E572468064500563FC3 /* CoreMedia.framework */; };
		62E20E5A2468064D00563FC3 /* CoreVideo.framework in Frameworks */ = {isa = PBXBuildFile; fileRef = 62E20E592468064D00563FC3 /* CoreVideo.framework */; };
		62E20E5C2468065800563FC3 /* VideoToolbox.framework in Frameworks */ = {isa = PBXBuildFile; fileRef = 62E20E5B2468065800563FC3 /* VideoToolbox.framework */; };
		62E20E602468066B00563FC3 /* QuartzCore.framework in Frameworks */ = {isa = PBXBuildFile; fileRef = 62E20E5F2468066B00563FC3 /* QuartzCore.framework */; };
		62E20E622468068200563FC3 /* libiconv.tbd in Frameworks */ = {isa = PBXBuildFile; fileRef = 62E20E612468068200563FC3 /* libiconv.tbd */; };
		62E20E642468068B00563FC3 /* libbz2.tbd in Frameworks */ = {isa = PBXBuildFile; fileRef = 62E20E632468068B00563FC3 /* libbz2.tbd */; };
		62E20E662468069500563FC3 /* CoreText.framework in Frameworks */ = {isa = PBXBuildFile; fileRef = 62E20E652468069500563FC3 /* CoreText.framework */; };
		62E20E6A246806A900563FC3 /* OpenGLES.framework in Frameworks */ = {isa = PBXBuildFile; fileRef = 62E20E69246806A900563FC3 /* OpenGLES.framework */; };
		62E20E6C246806B100563FC3 /* AudioToolbox.framework in Frameworks */ = {isa = PBXBuildFile; fileRef = 62E20E6B246806B100563FC3 /* AudioToolbox.framework */; };
		62E20E70246806C700563FC3 /* CoreGraphics.framework in Frameworks */ = {isa = PBXBuildFile; fileRef = 62E20E6F246806C700563FC3 /* CoreGraphics.framework */; };
		62E20E7224680DDB00563FC3 /* SPFileSource.swift in Sources */ = {isa = PBXBuildFile; fileRef = 62E20E7124680DDB00563FC3 /* SPFileSource.swift */; };
		62E20E7624682A4B00563FC3 /* SPVideoPreviewVC.swift in Sources */ = {isa = PBXBuildFile; fileRef = 62E20E7524682A4B00563FC3 /* SPVideoPreviewVC.swift */; };
		62E20E782469CB6300563FC3 /* SPMediaPreviewVC.swift in Sources */ = {isa = PBXBuildFile; fileRef = 62E20E772469CB6300563FC3 /* SPMediaPreviewVC.swift */; };
		62E3136E241C557500AD79CF /* SwipeInteractionController.swift in Sources */ = {isa = PBXBuildFile; fileRef = 62E3136D241C557500AD79CF /* SwipeInteractionController.swift */; };
		62E31370241C5E3D00AD79CF /* MenuTransitionAnimationControllers.swift in Sources */ = {isa = PBXBuildFile; fileRef = 62E3136F241C5E3D00AD79CF /* MenuTransitionAnimationControllers.swift */; };
		62E754562412DE9600D8FB96 /* Date.swift in Sources */ = {isa = PBXBuildFile; fileRef = 62E754552412DE9600D8FB96 /* Date.swift */; };
		62E7545C2413306300D8FB96 /* SyncManager.swift in Sources */ = {isa = PBXBuildFile; fileRef = 62E7545B2413306300D8FB96 /* SyncManager.swift */; };
		62E7545E241331D400D8FB96 /* SPEvent.swift in Sources */ = {isa = PBXBuildFile; fileRef = 62E7545D241331D400D8FB96 /* SPEvent.swift */; };
		62E85BCF2412C89A00FB9FD0 /* AppInfo.swift in Sources */ = {isa = PBXBuildFile; fileRef = 62E85BCE2412C89A00FB9FD0 /* AppInfo.swift */; };
		62EDF4CD23FEDE3700C868F5 /* Crypto.swift in Sources */ = {isa = PBXBuildFile; fileRef = 62EDF4CC23FEDE3700C868F5 /* Crypto.swift */; };
		A0123C6D25DF1232004BBDFF /* STLoadingView.swift in Sources */ = {isa = PBXBuildFile; fileRef = A0123C6C25DF1232004BBDFF /* STLoadingView.swift */; };
		A0123C7125DF123B004BBDFF /* STLoadingView.xib in Resources */ = {isa = PBXBuildFile; fileRef = A0123C7025DF123B004BBDFF /* STLoadingView.xib */; };
		A0123C7525DF126D004BBDFF /* UIView+Extensions.swift in Sources */ = {isa = PBXBuildFile; fileRef = A0123C7425DF126D004BBDFF /* UIView+Extensions.swift */; };
		A0123C8025DF1A3E004BBDFF /* STValidator.swift in Sources */ = {isa = PBXBuildFile; fileRef = A0123C7F25DF1A3E004BBDFF /* STValidator.swift */; };
		A0123C8425DF2023004BBDFF /* UIViewController+Extension.swift in Sources */ = {isa = PBXBuildFile; fileRef = A0123C8325DF2023004BBDFF /* UIViewController+Extension.swift */; };
		A01B99AB25E2CF430080FEC8 /* STMainVC.swift in Sources */ = {isa = PBXBuildFile; fileRef = A01B99AA25E2CF430080FEC8 /* STMainVC.swift */; };
		A01B99AF25E2CF950080FEC8 /* STMainVM.swift in Sources */ = {isa = PBXBuildFile; fileRef = A01B99AE25E2CF950080FEC8 /* STMainVM.swift */; };
		A01B99B625E2D1B90080FEC8 /* STRootWindowSegue.swift in Sources */ = {isa = PBXBuildFile; fileRef = A01B99B525E2D1B90080FEC8 /* STRootWindowSegue.swift */; };
		A03D86AC25E1A3B00089F620 /* STResponse.swift in Sources */ = {isa = PBXBuildFile; fileRef = A03D86AB25E1A3B00089F620 /* STResponse.swift */; };
		A03D86B125E1A4490089F620 /* IRequest.swift in Sources */ = {isa = PBXBuildFile; fileRef = A03D86B025E1A4490089F620 /* IRequest.swift */; };
		A03D86B525E1C57D0089F620 /* STNetworkDispatcher.swift in Sources */ = {isa = PBXBuildFile; fileRef = A03D86B425E1C57D0089F620 /* STNetworkDispatcher.swift */; };
		A03D86BB25E1DF980089F620 /* STAuthRequest.swift in Sources */ = {isa = PBXBuildFile; fileRef = A03D86BA25E1DF980089F620 /* STAuthRequest.swift */; };
		A09B3CD325DC73690036CF3E /* STTextField.swift in Sources */ = {isa = PBXBuildFile; fileRef = A09B3CD225DC73690036CF3E /* STTextField.swift */; };
		A09B3D0025DC904F0036CF3E /* STNavigationController.swift in Sources */ = {isa = PBXBuildFile; fileRef = A09B3CFF25DC904F0036CF3E /* STNavigationController.swift */; };
		A0C5DCD125DDB65600DC812D /* STConstants.swift in Sources */ = {isa = PBXBuildFile; fileRef = A0C5DCC125DDB61C00DC812D /* STConstants.swift */; };
		A0C5DCD925DDB76200DC812D /* Utils.swift in Sources */ = {isa = PBXBuildFile; fileRef = A0C5DCD825DDB76200DC812D /* Utils.swift */; };
		A0EA3A6E25DDBB2800461041 /* STError.swift in Sources */ = {isa = PBXBuildFile; fileRef = A0EA3A6D25DDBB2800461041 /* STError.swift */; };
		A0EA3A7325DDC8FF00461041 /* STWorker.swift in Sources */ = {isa = PBXBuildFile; fileRef = A0EA3A7225DDC8FF00461041 /* STWorker.swift */; };
		A0EA3A7C25DDD1E900461041 /* STAuth.swift in Sources */ = {isa = PBXBuildFile; fileRef = A0EA3A7B25DDD1E900461041 /* STAuth.swift */; };
		A0EA3A8025DDD25E00461041 /* STAuthWorker.swift in Sources */ = {isa = PBXBuildFile; fileRef = A0EA3A7F25DDD25E00461041 /* STAuthWorker.swift */; };
		D25D6B2D323167EF3A5485AD /* Pods_Stingle.framework in Frameworks */ = {isa = PBXBuildFile; fileRef = 6F579C6E8456773E872F6272 /* Pods_Stingle.framework */; };
/* End PBXBuildFile section */

/* Begin PBXContainerItemProxy section */
		624A678624040E9000436C2F /* PBXContainerItemProxy */ = {
			isa = PBXContainerItemProxy;
			containerPortal = 6279CF1423FEBB0C008B18DA /* Project object */;
			proxyType = 1;
			remoteGlobalIDString = 6279CF1B23FEBB0C008B18DA;
			remoteInfo = Stingle;
		};
/* End PBXContainerItemProxy section */

/* Begin PBXFileReference section */
		0AAEE600921BF35CF314DD9C /* Pods-Stingle.release.xcconfig */ = {isa = PBXFileReference; includeInIndex = 1; lastKnownFileType = text.xcconfig; name = "Pods-Stingle.release.xcconfig"; path = "Target Support Files/Pods-Stingle/Pods-Stingle.release.xcconfig"; sourceTree = "<group>"; };
		62048A63240E97FF006207AC /* Home.storyboard */ = {isa = PBXFileReference; lastKnownFileType = file.storyboard; path = Home.storyboard; sourceTree = "<group>"; };
		62048A66240E99BE006207AC /* User.swift */ = {isa = PBXFileReference; lastKnownFileType = sourcecode.swift; path = User.swift; sourceTree = "<group>"; };
		62048A68240EDBDD006207AC /* SignInVM.swift */ = {isa = PBXFileReference; lastKnownFileType = sourcecode.swift; path = SignInVM.swift; sourceTree = "<group>"; };
		62048A6A240EEC82006207AC /* NetworkManager.swift */ = {isa = PBXFileReference; lastKnownFileType = sourcecode.swift; path = NetworkManager.swift; sourceTree = "<group>"; };
		62048A6C240F1759006207AC /* IResponse.swift */ = {isa = PBXFileReference; lastKnownFileType = sourcecode.swift; path = IResponse.swift; sourceTree = "<group>"; };
		62048A6E240F1766006207AC /* SPRequest.swift */ = {isa = PBXFileReference; lastKnownFileType = sourcecode.swift; path = SPRequest.swift; sourceTree = "<group>"; };
		620C02D223FED4EC00999057 /* GalleryVC.swift */ = {isa = PBXFileReference; lastKnownFileType = sourcecode.swift; path = GalleryVC.swift; sourceTree = "<group>"; };
		620C02D423FED4FB00999057 /* TrashVC.swift */ = {isa = PBXFileReference; lastKnownFileType = sourcecode.swift; path = TrashVC.swift; sourceTree = "<group>"; };
		620C02D623FED51E00999057 /* BackupPhraseVC.swift */ = {isa = PBXFileReference; lastKnownFileType = sourcecode.swift; path = BackupPhraseVC.swift; sourceTree = "<group>"; };
		620C02D823FED52E00999057 /* SettingsVC.swift */ = {isa = PBXFileReference; lastKnownFileType = sourcecode.swift; path = SettingsVC.swift; sourceTree = "<group>"; };
		620E18CC2419F48200097A16 /* SPCollectionHeader.xib */ = {isa = PBXFileReference; lastKnownFileType = file.xib; path = SPCollectionHeader.xib; sourceTree = "<group>"; };
		620E18D9241A2E1C00097A16 /* SPMenuVC.swift */ = {isa = PBXFileReference; fileEncoding = 4; lastKnownFileType = sourcecode.swift; path = SPMenuVC.swift; sourceTree = "<group>"; };
		6226ABE8243149DA0053152E /* SPMediaFileManager.swift */ = {isa = PBXFileReference; lastKnownFileType = sourcecode.swift; path = SPMediaFileManager.swift; sourceTree = "<group>"; };
		6226ABEA243149FA0053152E /* SPMediaFile.swift */ = {isa = PBXFileReference; lastKnownFileType = sourcecode.swift; path = SPMediaFile.swift; sourceTree = "<group>"; };
		6233925E2406D11600A0F64F /* SPFileManager.swift */ = {isa = PBXFileReference; lastKnownFileType = sourcecode.swift; path = SPFileManager.swift; sourceTree = "<group>"; };
		6239B147240096B60041F703 /* Crypto+Extensions.swift */ = {isa = PBXFileReference; lastKnownFileType = sourcecode.swift; path = "Crypto+Extensions.swift"; sourceTree = "<group>"; };
		6242B7B0240DDEA00090BFE4 /* String+Extensions.swift */ = {isa = PBXFileReference; lastKnownFileType = sourcecode.swift; path = "String+Extensions.swift"; sourceTree = "<group>"; };
		6242B7B3240DE6930090BFE4 /* Roboto-Medium.ttf */ = {isa = PBXFileReference; lastKnownFileType = file; path = "Roboto-Medium.ttf"; sourceTree = "<group>"; };
		6242B7B4240DE6930090BFE4 /* NotoSans-Regular.ttf */ = {isa = PBXFileReference; lastKnownFileType = file; path = "NotoSans-Regular.ttf"; sourceTree = "<group>"; };
		6242B7B5240DE6930090BFE4 /* SF-Pro-Display-Heavy.ttf */ = {isa = PBXFileReference; lastKnownFileType = file; path = "SF-Pro-Display-Heavy.ttf"; sourceTree = "<group>"; };
		6242B7B6240DE6930090BFE4 /* SF-Pro-Display-Regular.otf */ = {isa = PBXFileReference; lastKnownFileType = file; path = "SF-Pro-Display-Regular.otf"; sourceTree = "<group>"; };
		6242B7B7240DE6930090BFE4 /* SF-UI-Display-Light.otf */ = {isa = PBXFileReference; lastKnownFileType = file; path = "SF-UI-Display-Light.otf"; sourceTree = "<group>"; };
		6242B7B8240DE6930090BFE4 /* Roboto-Regular.ttf */ = {isa = PBXFileReference; lastKnownFileType = file; path = "Roboto-Regular.ttf"; sourceTree = "<group>"; };
		6242B7B9240DE6930090BFE4 /* SF-Pro-Display-Medium.otf */ = {isa = PBXFileReference; lastKnownFileType = file; path = "SF-Pro-Display-Medium.otf"; sourceTree = "<group>"; };
		6242B7BA240DE6930090BFE4 /* SF Compact Display Medium.ttf */ = {isa = PBXFileReference; lastKnownFileType = file; path = "SF Compact Display Medium.ttf"; sourceTree = "<group>"; };
		6242B7BB240DE6930090BFE4 /* SF-Pro-Display-Light.ttf */ = {isa = PBXFileReference; lastKnownFileType = file; path = "SF-Pro-Display-Light.ttf"; sourceTree = "<group>"; };
		6242B7BC240DE6930090BFE4 /* SF-Pro-Display-Bold.ttf */ = {isa = PBXFileReference; lastKnownFileType = file; path = "SF-Pro-Display-Bold.ttf"; sourceTree = "<group>"; };
		6242B7BD240DE6930090BFE4 /* SF Compact Display Regular.ttf */ = {isa = PBXFileReference; lastKnownFileType = file; path = "SF Compact Display Regular.ttf"; sourceTree = "<group>"; };
		6242B7BE240DE6930090BFE4 /* SF-Pro-Display-Semibold.otf */ = {isa = PBXFileReference; lastKnownFileType = file; path = "SF-Pro-Display-Semibold.otf"; sourceTree = "<group>"; };
		6242B7BF240DE6930090BFE4 /* Montserrat-Regular.ttf */ = {isa = PBXFileReference; lastKnownFileType = file; path = "Montserrat-Regular.ttf"; sourceTree = "<group>"; };
		624658CC240F96540050F18F /* SPApplication.swift */ = {isa = PBXFileReference; lastKnownFileType = sourcecode.swift; path = SPApplication.swift; sourceTree = "<group>"; };
		624658CF240F99730050F18F /* KeyManagement.swift */ = {isa = PBXFileReference; lastKnownFileType = sourcecode.swift; path = KeyManagement.swift; sourceTree = "<group>"; };
		624A1946241115250002F1ED /* StingleModel.xcdatamodel */ = {isa = PBXFileReference; lastKnownFileType = wrapper.xcdatamodel; path = StingleModel.xcdatamodel; sourceTree = "<group>"; };
		624A196F24116B370002F1ED /* GalleryVM.swift */ = {isa = PBXFileReference; lastKnownFileType = sourcecode.swift; path = GalleryVM.swift; sourceTree = SOURCE_ROOT; };
		624A197124116D8B0002F1ED /* DataBase.swift */ = {isa = PBXFileReference; lastKnownFileType = sourcecode.swift; path = DataBase.swift; sourceTree = "<group>"; };
		624A197324118CAE0002F1ED /* SPFile.swift */ = {isa = PBXFileReference; lastKnownFileType = sourcecode.swift; path = SPFile.swift; sourceTree = "<group>"; };
		624A678124040E9000436C2F /* CryptoTests.xctest */ = {isa = PBXFileReference; explicitFileType = wrapper.cfbundle; includeInIndex = 0; path = CryptoTests.xctest; sourceTree = BUILT_PRODUCTS_DIR; };
		624A678324040E9000436C2F /* CryptoTests.swift */ = {isa = PBXFileReference; lastKnownFileType = sourcecode.swift; path = CryptoTests.swift; sourceTree = "<group>"; };
		624A678524040E9000436C2F /* Info.plist */ = {isa = PBXFileReference; lastKnownFileType = text.plist.xml; path = Info.plist; sourceTree = "<group>"; };
		6250436F241AB6FF00A90F3A /* Image+Extension.swift */ = {isa = PBXFileReference; lastKnownFileType = sourcecode.swift; path = "Image+Extension.swift"; sourceTree = "<group>"; };
		62504373241ACD2400A90F3A /* SPMenuCell.swift */ = {isa = PBXFileReference; lastKnownFileType = sourcecode.swift; path = SPMenuCell.swift; sourceTree = "<group>"; };
		62504375241AD24C00A90F3A /* SPMenuVM.swift */ = {isa = PBXFileReference; lastKnownFileType = sourcecode.swift; path = SPMenuVM.swift; sourceTree = "<group>"; };
		6251FC142444FF35002023B2 /* UITextField+Extensions.swift */ = {isa = PBXFileReference; lastKnownFileType = sourcecode.swift; path = "UITextField+Extensions.swift"; sourceTree = "<group>"; };
		6251FC1624454585002023B2 /* EventManager.swift */ = {isa = PBXFileReference; lastKnownFileType = sourcecode.swift; path = EventManager.swift; sourceTree = "<group>"; };
		625F32A72419EB1E00477881 /* SPCollectionHeader.swift */ = {isa = PBXFileReference; lastKnownFileType = sourcecode.swift; path = SPCollectionHeader.swift; sourceTree = "<group>"; };
		62619353240D092D00562BDF /* SignInVC.swift */ = {isa = PBXFileReference; lastKnownFileType = sourcecode.swift; path = SignInVC.swift; sourceTree = "<group>"; };
		62619356240D094F00562BDF /* STSignUpVC.swift */ = {isa = PBXFileReference; lastKnownFileType = sourcecode.swift; path = STSignUpVC.swift; sourceTree = "<group>"; };
		62619358240D096000562BDF /* STLandingVC.swift */ = {isa = PBXFileReference; lastKnownFileType = sourcecode.swift; path = STLandingVC.swift; sourceTree = "<group>"; };
		6261935A240D0E8400562BDF /* BaseVC.swift */ = {isa = PBXFileReference; lastKnownFileType = sourcecode.swift; path = BaseVC.swift; sourceTree = "<group>"; };
		6261935D240D4CA800562BDF /* HeaderPageVC.swift */ = {isa = PBXFileReference; lastKnownFileType = sourcecode.swift; path = HeaderPageVC.swift; sourceTree = "<group>"; };
		6261935F240D4D2A00562BDF /* STLandingVM.swift */ = {isa = PBXFileReference; lastKnownFileType = sourcecode.swift; path = STLandingVM.swift; sourceTree = "<group>"; };
		626AB7592426BB0000168659 /* SPImagePageVC.swift */ = {isa = PBXFileReference; lastKnownFileType = sourcecode.swift; path = SPImagePageVC.swift; sourceTree = "<group>"; };
		626AB75B2426C04000168659 /* SPMediaPreviewVM.swift */ = {isa = PBXFileReference; lastKnownFileType = sourcecode.swift; path = SPMediaPreviewVM.swift; sourceTree = "<group>"; };
		626AB75E24280E2800168659 /* SPDatasource.swift */ = {isa = PBXFileReference; lastKnownFileType = sourcecode.swift; path = SPDatasource.swift; sourceTree = "<group>"; };
		626B0606242EDDE60092B55E /* GalleryFrontVC.swift */ = {isa = PBXFileReference; lastKnownFileType = sourcecode.swift; path = GalleryFrontVC.swift; sourceTree = "<group>"; };
		627057A924265A85006B70F4 /* SPImagePreviewVC.swift */ = {isa = PBXFileReference; lastKnownFileType = sourcecode.swift; path = SPImagePreviewVC.swift; sourceTree = "<group>"; };
		6279CF1C23FEBB0C008B18DA /* Stingle.app */ = {isa = PBXFileReference; explicitFileType = wrapper.application; includeInIndex = 0; path = Stingle.app; sourceTree = BUILT_PRODUCTS_DIR; };
		6279CF1F23FEBB0C008B18DA /* AppDelegate.swift */ = {isa = PBXFileReference; lastKnownFileType = sourcecode.swift; path = AppDelegate.swift; sourceTree = "<group>"; };
		6279CF2623FEBB0C008B18DA /* Base */ = {isa = PBXFileReference; lastKnownFileType = file.storyboard; name = Base; path = Base.lproj/Welcome.storyboard; sourceTree = "<group>"; };
		6279CF2823FEBB0D008B18DA /* Assets.xcassets */ = {isa = PBXFileReference; lastKnownFileType = folder.assetcatalog; path = Assets.xcassets; sourceTree = "<group>"; };
		6279CF2B23FEBB0D008B18DA /* Base */ = {isa = PBXFileReference; lastKnownFileType = file.storyboard; name = Base; path = Base.lproj/LaunchScreen.storyboard; sourceTree = "<group>"; };
		6279CF2D23FEBB0D008B18DA /* Info.plist */ = {isa = PBXFileReference; lastKnownFileType = text.plist.xml; path = Info.plist; sourceTree = "<group>"; };
		6284A4CA241582F8003C3FA5 /* SPCollectionViewCell.swift */ = {isa = PBXFileReference; lastKnownFileType = sourcecode.swift; path = SPCollectionViewCell.swift; sourceTree = "<group>"; };
		6284A4CB241582F8003C3FA5 /* SPCollectionViewCell.xib */ = {isa = PBXFileReference; lastKnownFileType = file.xib; path = SPCollectionViewCell.xib; sourceTree = "<group>"; };
		62AE6893240D55CD001EA58D /* Theme.swift */ = {isa = PBXFileReference; lastKnownFileType = sourcecode.swift; path = Theme.swift; sourceTree = "<group>"; };
		62AE6895240D7E54001EA58D /* CurrentPageVC.swift */ = {isa = PBXFileReference; lastKnownFileType = sourcecode.swift; path = CurrentPageVC.swift; sourceTree = "<group>"; };
		62AE689A240DDD21001EA58D /* en */ = {isa = PBXFileReference; lastKnownFileType = text.plist.strings; name = en; path = en.lproj/Localizable.strings; sourceTree = "<group>"; };
		62AE689F240DDDBE001EA58D /* Localize.swift */ = {isa = PBXFileReference; lastKnownFileType = sourcecode.swift; path = Localize.swift; sourceTree = "<group>"; };
		62B9F6392407EE2E0014E3AF /* CryptoError.swift */ = {isa = PBXFileReference; lastKnownFileType = sourcecode.swift; path = CryptoError.swift; sourceTree = "<group>"; };
		62C0CAE92461A6AC003C5756 /* Window.swift */ = {isa = PBXFileReference; lastKnownFileType = sourcecode.swift; path = Window.swift; sourceTree = "<group>"; };
		62D9D0382453B4C60001D0D8 /* STSignUpVM.swift */ = {isa = PBXFileReference; lastKnownFileType = sourcecode.swift; path = STSignUpVM.swift; sourceTree = "<group>"; };
		62E20E4F2468046A00563FC3 /* MobileVLCKit.framework */ = {isa = PBXFileReference; lastKnownFileType = wrapper.framework; name = MobileVLCKit.framework; path = ../probes/VLCKit/build/MobileVLCKit.framework; sourceTree = "<group>"; };
		62E20E512468062300563FC3 /* CoreImage.framework */ = {isa = PBXFileReference; lastKnownFileType = wrapper.framework; name = CoreImage.framework; path = System/Library/Frameworks/CoreImage.framework; sourceTree = SDKROOT; };
		62E20E532468062E00563FC3 /* libc++.tbd */ = {isa = PBXFileReference; lastKnownFileType = "sourcecode.text-based-dylib-definition"; name = "libc++.tbd"; path = "usr/lib/libc++.tbd"; sourceTree = SDKROOT; };
		62E20E552468063500563FC3 /* AVFoundation.framework */ = {isa = PBXFileReference; lastKnownFileType = wrapper.framework; name = AVFoundation.framework; path = System/Library/Frameworks/AVFoundation.framework; sourceTree = SDKROOT; };
		62E20E572468064500563FC3 /* CoreMedia.framework */ = {isa = PBXFileReference; lastKnownFileType = wrapper.framework; name = CoreMedia.framework; path = System/Library/Frameworks/CoreMedia.framework; sourceTree = SDKROOT; };
		62E20E592468064D00563FC3 /* CoreVideo.framework */ = {isa = PBXFileReference; lastKnownFileType = wrapper.framework; name = CoreVideo.framework; path = System/Library/Frameworks/CoreVideo.framework; sourceTree = SDKROOT; };
		62E20E5B2468065800563FC3 /* VideoToolbox.framework */ = {isa = PBXFileReference; lastKnownFileType = wrapper.framework; name = VideoToolbox.framework; path = System/Library/Frameworks/VideoToolbox.framework; sourceTree = SDKROOT; };
		62E20E5D2468066100563FC3 /* Security.framework */ = {isa = PBXFileReference; lastKnownFileType = wrapper.framework; name = Security.framework; path = System/Library/Frameworks/Security.framework; sourceTree = SDKROOT; };
		62E20E5F2468066B00563FC3 /* QuartzCore.framework */ = {isa = PBXFileReference; lastKnownFileType = wrapper.framework; name = QuartzCore.framework; path = System/Library/Frameworks/QuartzCore.framework; sourceTree = SDKROOT; };
		62E20E612468068200563FC3 /* libiconv.tbd */ = {isa = PBXFileReference; lastKnownFileType = "sourcecode.text-based-dylib-definition"; name = libiconv.tbd; path = usr/lib/libiconv.tbd; sourceTree = SDKROOT; };
		62E20E632468068B00563FC3 /* libbz2.tbd */ = {isa = PBXFileReference; lastKnownFileType = "sourcecode.text-based-dylib-definition"; name = libbz2.tbd; path = usr/lib/libbz2.tbd; sourceTree = SDKROOT; };
		62E20E652468069500563FC3 /* CoreText.framework */ = {isa = PBXFileReference; lastKnownFileType = wrapper.framework; name = CoreText.framework; path = System/Library/Frameworks/CoreText.framework; sourceTree = SDKROOT; };
		62E20E69246806A900563FC3 /* OpenGLES.framework */ = {isa = PBXFileReference; lastKnownFileType = wrapper.framework; name = OpenGLES.framework; path = System/Library/Frameworks/OpenGLES.framework; sourceTree = SDKROOT; };
		62E20E6B246806B100563FC3 /* AudioToolbox.framework */ = {isa = PBXFileReference; lastKnownFileType = wrapper.framework; name = AudioToolbox.framework; path = System/Library/Frameworks/AudioToolbox.framework; sourceTree = SDKROOT; };
		62E20E6D246806BC00563FC3 /* AudioUnit.framework */ = {isa = PBXFileReference; lastKnownFileType = wrapper.framework; name = AudioUnit.framework; path = System/Library/Frameworks/AudioUnit.framework; sourceTree = SDKROOT; };
		62E20E6F246806C700563FC3 /* CoreGraphics.framework */ = {isa = PBXFileReference; lastKnownFileType = wrapper.framework; name = CoreGraphics.framework; path = System/Library/Frameworks/CoreGraphics.framework; sourceTree = SDKROOT; };
		62E20E7124680DDB00563FC3 /* SPFileSource.swift */ = {isa = PBXFileReference; lastKnownFileType = sourcecode.swift; path = SPFileSource.swift; sourceTree = "<group>"; };
		62E20E7524682A4B00563FC3 /* SPVideoPreviewVC.swift */ = {isa = PBXFileReference; lastKnownFileType = sourcecode.swift; path = SPVideoPreviewVC.swift; sourceTree = "<group>"; };
		62E20E772469CB6300563FC3 /* SPMediaPreviewVC.swift */ = {isa = PBXFileReference; lastKnownFileType = sourcecode.swift; path = SPMediaPreviewVC.swift; sourceTree = "<group>"; };
		62E3136D241C557500AD79CF /* SwipeInteractionController.swift */ = {isa = PBXFileReference; lastKnownFileType = sourcecode.swift; path = SwipeInteractionController.swift; sourceTree = "<group>"; };
		62E3136F241C5E3D00AD79CF /* MenuTransitionAnimationControllers.swift */ = {isa = PBXFileReference; lastKnownFileType = sourcecode.swift; path = MenuTransitionAnimationControllers.swift; sourceTree = "<group>"; };
		62E754552412DE9600D8FB96 /* Date.swift */ = {isa = PBXFileReference; lastKnownFileType = sourcecode.swift; path = Date.swift; sourceTree = "<group>"; };
		62E7545B2413306300D8FB96 /* SyncManager.swift */ = {isa = PBXFileReference; lastKnownFileType = sourcecode.swift; path = SyncManager.swift; sourceTree = "<group>"; };
		62E7545D241331D400D8FB96 /* SPEvent.swift */ = {isa = PBXFileReference; lastKnownFileType = sourcecode.swift; path = SPEvent.swift; sourceTree = "<group>"; };
		62E85BCE2412C89A00FB9FD0 /* AppInfo.swift */ = {isa = PBXFileReference; lastKnownFileType = sourcecode.swift; path = AppInfo.swift; sourceTree = "<group>"; };
		62EDF4CC23FEDE3700C868F5 /* Crypto.swift */ = {isa = PBXFileReference; lastKnownFileType = sourcecode.swift; path = Crypto.swift; sourceTree = "<group>"; };
		6F579C6E8456773E872F6272 /* Pods_Stingle.framework */ = {isa = PBXFileReference; explicitFileType = wrapper.framework; includeInIndex = 0; path = Pods_Stingle.framework; sourceTree = BUILT_PRODUCTS_DIR; };
		8CCA8E0B47DFA4BA2AA7368A /* Pods-Stingle.debug.xcconfig */ = {isa = PBXFileReference; includeInIndex = 1; lastKnownFileType = text.xcconfig; name = "Pods-Stingle.debug.xcconfig"; path = "Target Support Files/Pods-Stingle/Pods-Stingle.debug.xcconfig"; sourceTree = "<group>"; };
		A0123C6C25DF1232004BBDFF /* STLoadingView.swift */ = {isa = PBXFileReference; fileEncoding = 4; lastKnownFileType = sourcecode.swift; path = STLoadingView.swift; sourceTree = "<group>"; };
		A0123C7025DF123B004BBDFF /* STLoadingView.xib */ = {isa = PBXFileReference; fileEncoding = 4; lastKnownFileType = file.xib; path = STLoadingView.xib; sourceTree = "<group>"; };
		A0123C7425DF126D004BBDFF /* UIView+Extensions.swift */ = {isa = PBXFileReference; lastKnownFileType = sourcecode.swift; path = "UIView+Extensions.swift"; sourceTree = "<group>"; };
		A0123C7F25DF1A3E004BBDFF /* STValidator.swift */ = {isa = PBXFileReference; lastKnownFileType = sourcecode.swift; path = STValidator.swift; sourceTree = "<group>"; };
		A0123C8325DF2023004BBDFF /* UIViewController+Extension.swift */ = {isa = PBXFileReference; lastKnownFileType = sourcecode.swift; path = "UIViewController+Extension.swift"; sourceTree = "<group>"; };
		A01B99AA25E2CF430080FEC8 /* STMainVC.swift */ = {isa = PBXFileReference; lastKnownFileType = sourcecode.swift; path = STMainVC.swift; sourceTree = "<group>"; };
		A01B99AE25E2CF950080FEC8 /* STMainVM.swift */ = {isa = PBXFileReference; lastKnownFileType = sourcecode.swift; path = STMainVM.swift; sourceTree = "<group>"; };
		A01B99B525E2D1B90080FEC8 /* STRootWindowSegue.swift */ = {isa = PBXFileReference; lastKnownFileType = sourcecode.swift; path = STRootWindowSegue.swift; sourceTree = "<group>"; };
		A03D86AB25E1A3B00089F620 /* STResponse.swift */ = {isa = PBXFileReference; lastKnownFileType = sourcecode.swift; path = STResponse.swift; sourceTree = "<group>"; };
		A03D86B025E1A4490089F620 /* IRequest.swift */ = {isa = PBXFileReference; lastKnownFileType = sourcecode.swift; path = IRequest.swift; sourceTree = "<group>"; };
		A03D86B425E1C57D0089F620 /* STNetworkDispatcher.swift */ = {isa = PBXFileReference; lastKnownFileType = sourcecode.swift; path = STNetworkDispatcher.swift; sourceTree = "<group>"; };
		A03D86BA25E1DF980089F620 /* STAuthRequest.swift */ = {isa = PBXFileReference; lastKnownFileType = sourcecode.swift; path = STAuthRequest.swift; sourceTree = "<group>"; };
		A09B3CD225DC73690036CF3E /* STTextField.swift */ = {isa = PBXFileReference; lastKnownFileType = sourcecode.swift; path = STTextField.swift; sourceTree = "<group>"; };
		A09B3CFF25DC904F0036CF3E /* STNavigationController.swift */ = {isa = PBXFileReference; lastKnownFileType = sourcecode.swift; path = STNavigationController.swift; sourceTree = "<group>"; };
		A0C5DCC125DDB61C00DC812D /* STConstants.swift */ = {isa = PBXFileReference; fileEncoding = 4; lastKnownFileType = sourcecode.swift; path = STConstants.swift; sourceTree = "<group>"; };
		A0C5DCD825DDB76200DC812D /* Utils.swift */ = {isa = PBXFileReference; fileEncoding = 4; lastKnownFileType = sourcecode.swift; path = Utils.swift; sourceTree = "<group>"; };
		A0EA3A6D25DDBB2800461041 /* STError.swift */ = {isa = PBXFileReference; lastKnownFileType = sourcecode.swift; path = STError.swift; sourceTree = "<group>"; };
		A0EA3A7225DDC8FF00461041 /* STWorker.swift */ = {isa = PBXFileReference; lastKnownFileType = sourcecode.swift; path = STWorker.swift; sourceTree = "<group>"; };
		A0EA3A7B25DDD1E900461041 /* STAuth.swift */ = {isa = PBXFileReference; lastKnownFileType = sourcecode.swift; path = STAuth.swift; sourceTree = "<group>"; };
		A0EA3A7F25DDD25E00461041 /* STAuthWorker.swift */ = {isa = PBXFileReference; lastKnownFileType = sourcecode.swift; path = STAuthWorker.swift; sourceTree = "<group>"; };
/* End PBXFileReference section */

/* Begin PBXFrameworksBuildPhase section */
		624A677E24040E9000436C2F /* Frameworks */ = {
			isa = PBXFrameworksBuildPhase;
			buildActionMask = 2147483647;
			files = (
			);
			runOnlyForDeploymentPostprocessing = 0;
		};
		6279CF1923FEBB0C008B18DA /* Frameworks */ = {
			isa = PBXFrameworksBuildPhase;
			buildActionMask = 2147483647;
			files = (
				62E20E70246806C700563FC3 /* CoreGraphics.framework in Frameworks */,
				62E20E6C246806B100563FC3 /* AudioToolbox.framework in Frameworks */,
				62E20E6A246806A900563FC3 /* OpenGLES.framework in Frameworks */,
				62E20E662468069500563FC3 /* CoreText.framework in Frameworks */,
				62E20E642468068B00563FC3 /* libbz2.tbd in Frameworks */,
				62E20E622468068200563FC3 /* libiconv.tbd in Frameworks */,
				62E20E602468066B00563FC3 /* QuartzCore.framework in Frameworks */,
				62E20E5C2468065800563FC3 /* VideoToolbox.framework in Frameworks */,
				62E20E5A2468064D00563FC3 /* CoreVideo.framework in Frameworks */,
				62E20E582468064500563FC3 /* CoreMedia.framework in Frameworks */,
				62E20E562468063500563FC3 /* AVFoundation.framework in Frameworks */,
				62E20E542468062E00563FC3 /* libc++.tbd in Frameworks */,
				62E20E522468062300563FC3 /* CoreImage.framework in Frameworks */,
				62E20E502468046A00563FC3 /* MobileVLCKit.framework in Frameworks */,
				D25D6B2D323167EF3A5485AD /* Pods_Stingle.framework in Frameworks */,
			);
			runOnlyForDeploymentPostprocessing = 0;
		};
/* End PBXFrameworksBuildPhase section */

/* Begin PBXGroup section */
		62048A65240E9811006207AC /* Scense */ = {
			isa = PBXGroup;
			children = (
				62E31377241CAFFD00AD79CF /* Welcome */,
				620C02CD23FED2BB00999057 /* ViewModels */,
				620C02C923FED23F00999057 /* Views */,
				62048A63240E97FF006207AC /* Home.storyboard */,
			);
			path = Scense;
			sourceTree = "<group>";
		};
		620C02C923FED23F00999057 /* Views */ = {
			isa = PBXGroup;
			children = (
				620E18CE241A166F00097A16 /* Menu */,
				6284A4C524156E97003C3FA5 /* Home */,
				620C02D423FED4FB00999057 /* TrashVC.swift */,
				620C02D623FED51E00999057 /* BackupPhraseVC.swift */,
				620C02D823FED52E00999057 /* SettingsVC.swift */,
				6261935A240D0E8400562BDF /* BaseVC.swift */,
			);
			path = Views;
			sourceTree = "<group>";
		};
		620C02CB23FED26A00999057 /* Network */ = {
			isa = PBXGroup;
			children = (
				A03D86AF25E1A4000089F620 /* Request */,
				A03D86AA25E1A3990089F620 /* Response */,
				62048A6A240EEC82006207AC /* NetworkManager.swift */,
				A03D86B425E1C57D0089F620 /* STNetworkDispatcher.swift */,
				62048A6E240F1766006207AC /* SPRequest.swift */,
			);
			path = Network;
			sourceTree = "<group>";
		};
		620C02CC23FED27600999057 /* Crypto */ = {
			isa = PBXGroup;
			children = (
				62EDF4CC23FEDE3700C868F5 /* Crypto.swift */,
				6239B147240096B60041F703 /* Crypto+Extensions.swift */,
				62B9F6392407EE2E0014E3AF /* CryptoError.swift */,
			);
			path = Crypto;
			sourceTree = "<group>";
		};
		620C02CD23FED2BB00999057 /* ViewModels */ = {
			isa = PBXGroup;
			children = (
				624A196F24116B370002F1ED /* GalleryVM.swift */,
				62504375241AD24C00A90F3A /* SPMenuVM.swift */,
				626AB75B2426C04000168659 /* SPMediaPreviewVM.swift */,
			);
			path = ViewModels;
			sourceTree = "<group>";
		};
		620C02CE23FED2F700999057 /* Core */ = {
			isa = PBXGroup;
			children = (
				A0EA3A7A25DDD1CE00461041 /* Models */,
				A0EA3A7125DDC8E600461041 /* Workers */,
				626AB75D2428081000168659 /* DataSource */,
				62E7545A2413304D00D8FB96 /* Sync */,
				620C02D123FED39D00999057 /* DB */,
				620C02CF23FED34D00999057 /* File */,
				620C02CC23FED27600999057 /* Crypto */,
				620C02CB23FED26A00999057 /* Network */,
			);
			path = Core;
			sourceTree = "<group>";
		};
		620C02CF23FED34D00999057 /* File */ = {
			isa = PBXGroup;
			children = (
				6233925E2406D11600A0F64F /* SPFileManager.swift */,
				6226ABE8243149DA0053152E /* SPMediaFileManager.swift */,
			);
			path = File;
			sourceTree = "<group>";
		};
		620C02D123FED39D00999057 /* DB */ = {
			isa = PBXGroup;
			children = (
				624A197124116D8B0002F1ED /* DataBase.swift */,
			);
			path = DB;
			sourceTree = "<group>";
		};
		620C02FD23FED61900999057 /* Frameworks */ = {
			isa = PBXGroup;
			children = (
				62E20E6F246806C700563FC3 /* CoreGraphics.framework */,
				62E20E6D246806BC00563FC3 /* AudioUnit.framework */,
				62E20E6B246806B100563FC3 /* AudioToolbox.framework */,
				62E20E69246806A900563FC3 /* OpenGLES.framework */,
				62E20E652468069500563FC3 /* CoreText.framework */,
				62E20E632468068B00563FC3 /* libbz2.tbd */,
				62E20E612468068200563FC3 /* libiconv.tbd */,
				62E20E5F2468066B00563FC3 /* QuartzCore.framework */,
				62E20E5D2468066100563FC3 /* Security.framework */,
				62E20E5B2468065800563FC3 /* VideoToolbox.framework */,
				62E20E592468064D00563FC3 /* CoreVideo.framework */,
				62E20E572468064500563FC3 /* CoreMedia.framework */,
				62E20E552468063500563FC3 /* AVFoundation.framework */,
				62E20E532468062E00563FC3 /* libc++.tbd */,
				62E20E512468062300563FC3 /* CoreImage.framework */,
				62E20E4F2468046A00563FC3 /* MobileVLCKit.framework */,
				6F579C6E8456773E872F6272 /* Pods_Stingle.framework */,
			);
			name = Frameworks;
			sourceTree = "<group>";
		};
		620E18CE241A166F00097A16 /* Menu */ = {
			isa = PBXGroup;
			children = (
				620E18D9241A2E1C00097A16 /* SPMenuVC.swift */,
				62504373241ACD2400A90F3A /* SPMenuCell.swift */,
			);
			path = Menu;
			sourceTree = "<group>";
		};
		6242B7B2240DE6930090BFE4 /* Fonts */ = {
			isa = PBXGroup;
			children = (
				6242B7B3240DE6930090BFE4 /* Roboto-Medium.ttf */,
				6242B7B4240DE6930090BFE4 /* NotoSans-Regular.ttf */,
				6242B7B5240DE6930090BFE4 /* SF-Pro-Display-Heavy.ttf */,
				6242B7B6240DE6930090BFE4 /* SF-Pro-Display-Regular.otf */,
				6242B7B7240DE6930090BFE4 /* SF-UI-Display-Light.otf */,
				6242B7B8240DE6930090BFE4 /* Roboto-Regular.ttf */,
				6242B7B9240DE6930090BFE4 /* SF-Pro-Display-Medium.otf */,
				6242B7BA240DE6930090BFE4 /* SF Compact Display Medium.ttf */,
				6242B7BB240DE6930090BFE4 /* SF-Pro-Display-Light.ttf */,
				6242B7BC240DE6930090BFE4 /* SF-Pro-Display-Bold.ttf */,
				6242B7BD240DE6930090BFE4 /* SF Compact Display Regular.ttf */,
				6242B7BE240DE6930090BFE4 /* SF-Pro-Display-Semibold.otf */,
				6242B7BF240DE6930090BFE4 /* Montserrat-Regular.ttf */,
			);
			path = Fonts;
			sourceTree = "<group>";
		};
		624658CE240F988C0050F18F /* Shared */ = {
			isa = PBXGroup;
			children = (
				624658CC240F96540050F18F /* SPApplication.swift */,
				624658CF240F99730050F18F /* KeyManagement.swift */,
			);
			path = Shared;
			sourceTree = "<group>";
		};
		624A678224040E9000436C2F /* CryptoTests */ = {
			isa = PBXGroup;
			children = (
				624A678324040E9000436C2F /* CryptoTests.swift */,
				624A678524040E9000436C2F /* Info.plist */,
			);
			path = CryptoTests;
			sourceTree = "<group>";
		};
		6261935C240D43D400562BDF /* Views */ = {
			isa = PBXGroup;
			children = (
				62619358240D096000562BDF /* STLandingVC.swift */,
				6261935D240D4CA800562BDF /* HeaderPageVC.swift */,
				62AE6895240D7E54001EA58D /* CurrentPageVC.swift */,
			);
			path = Views;
			sourceTree = "<group>";
		};
		626AB75D2428081000168659 /* DataSource */ = {
			isa = PBXGroup;
			children = (
				626AB75E24280E2800168659 /* SPDatasource.swift */,
				62E20E7124680DDB00563FC3 /* SPFileSource.swift */,
			);
			path = DataSource;
			sourceTree = "<group>";
		};
		6279CF1323FEBB0C008B18DA = {
			isa = PBXGroup;
			children = (
				624A1945241115250002F1ED /* StingleModel.xcdatamodeld */,
				6279CF1E23FEBB0C008B18DA /* Stingle */,
				624A678224040E9000436C2F /* CryptoTests */,
				6279CF1D23FEBB0C008B18DA /* Products */,
				620C02FD23FED61900999057 /* Frameworks */,
				F0EAE25FDBA481D663076C4E /* Pods */,
			);
			sourceTree = "<group>";
			usesTabs = 1;
		};
		6279CF1D23FEBB0C008B18DA /* Products */ = {
			isa = PBXGroup;
			children = (
				6279CF1C23FEBB0C008B18DA /* Stingle.app */,
				624A678124040E9000436C2F /* CryptoTests.xctest */,
			);
			name = Products;
			sourceTree = "<group>";
		};
		6279CF1E23FEBB0C008B18DA /* Stingle */ = {
			isa = PBXGroup;
			children = (
				A0C5DCB425DDB44000DC812D /* Classes */,
				A0C5DCB525DDB4C100DC812D /* Resources */,
			);
			path = Stingle;
			sourceTree = "<group>";
		};
		6284A4C524156E97003C3FA5 /* Home */ = {
			isa = PBXGroup;
			children = (
				620C02D223FED4EC00999057 /* GalleryVC.swift */,
				6284A4CA241582F8003C3FA5 /* SPCollectionViewCell.swift */,
				6284A4CB241582F8003C3FA5 /* SPCollectionViewCell.xib */,
				625F32A72419EB1E00477881 /* SPCollectionHeader.swift */,
				620E18CC2419F48200097A16 /* SPCollectionHeader.xib */,
				627057A924265A85006B70F4 /* SPImagePreviewVC.swift */,
				626AB7592426BB0000168659 /* SPImagePageVC.swift */,
				626B0606242EDDE60092B55E /* GalleryFrontVC.swift */,
				62E20E7524682A4B00563FC3 /* SPVideoPreviewVC.swift */,
				62E20E772469CB6300563FC3 /* SPMediaPreviewVC.swift */,
			);
			path = Home;
			sourceTree = "<group>";
		};
		62AE6892240D554D001EA58D /* Styles */ = {
			isa = PBXGroup;
			children = (
				62AE6893240D55CD001EA58D /* Theme.swift */,
			);
			path = Styles;
			sourceTree = "<group>";
		};
		62AE689C240DDD59001EA58D /* Common */ = {
			isa = PBXGroup;
			children = (
				A0EA3A6C25DDBA6400461041 /* UI */,
				620C02CE23FED2F700999057 /* Core */,
				624658CE240F988C0050F18F /* Shared */,
				A09B3CD025DC73390036CF3E /* Uitils */,
				62AE689E240DDDA2001EA58D /* Localization */,
				62AE689D240DDD6B001EA58D /* Extensions */,
				62AE6892240D554D001EA58D /* Styles */,
			);
			path = Common;
			sourceTree = "<group>";
		};
		62AE689D240DDD6B001EA58D /* Extensions */ = {
			isa = PBXGroup;
			children = (
				A0123C7825DF12D6004BBDFF /* UI */,
				6242B7B0240DDEA00090BFE4 /* String+Extensions.swift */,
				62E754552412DE9600D8FB96 /* Date.swift */,
				62C0CAE92461A6AC003C5756 /* Window.swift */,
			);
			path = Extensions;
			sourceTree = "<group>";
		};
		62AE689E240DDDA2001EA58D /* Localization */ = {
			isa = PBXGroup;
			children = (
				62AE689F240DDDBE001EA58D /* Localize.swift */,
			);
			path = Localization;
			sourceTree = "<group>";
		};
		62E3136C241C54F200AD79CF /* Animations */ = {
			isa = PBXGroup;
			children = (
				62E3136D241C557500AD79CF /* SwipeInteractionController.swift */,
				62E3136F241C5E3D00AD79CF /* MenuTransitionAnimationControllers.swift */,
			);
			path = Animations;
			sourceTree = "<group>";
		};
		62E31377241CAFFD00AD79CF /* Welcome */ = {
			isa = PBXGroup;
			children = (
				A01B99A925E2CEE40080FEC8 /* Main */,
				A01B99BF25E2DB000080FEC8 /* Landing */,
				A01B999D25E2C8160080FEC8 /* Register */,
				A01B99A025E2C8D90080FEC8 /* Login */,
				A01B99A225E2C9190080FEC8 /* Common */,
			);
			path = Welcome;
			sourceTree = "<group>";
		};
		62E7545A2413304D00D8FB96 /* Sync */ = {
			isa = PBXGroup;
			children = (
				62E7545B2413306300D8FB96 /* SyncManager.swift */,
				62E7545D241331D400D8FB96 /* SPEvent.swift */,
				6251FC1624454585002023B2 /* EventManager.swift */,
			);
			path = Sync;
			sourceTree = "<group>";
		};
		A0123C6B25DF121C004BBDFF /* LoadingView */ = {
			isa = PBXGroup;
			children = (
				A0123C6C25DF1232004BBDFF /* STLoadingView.swift */,
				A0123C7025DF123B004BBDFF /* STLoadingView.xib */,
			);
			path = LoadingView;
			sourceTree = "<group>";
		};
		A0123C7825DF12D6004BBDFF /* UI */ = {
			isa = PBXGroup;
			children = (
				6250436F241AB6FF00A90F3A /* Image+Extension.swift */,
				6251FC142444FF35002023B2 /* UITextField+Extensions.swift */,
				A0123C7425DF126D004BBDFF /* UIView+Extensions.swift */,
				A0123C8325DF2023004BBDFF /* UIViewController+Extension.swift */,
			);
			path = UI;
			sourceTree = "<group>";
		};
		A01B999D25E2C8160080FEC8 /* Register */ = {
			isa = PBXGroup;
			children = (
				62D9D0382453B4C60001D0D8 /* STSignUpVM.swift */,
				62619356240D094F00562BDF /* STSignUpVC.swift */,
			);
			path = Register;
			sourceTree = "<group>";
		};
		A01B99A025E2C8D90080FEC8 /* Login */ = {
			isa = PBXGroup;
			children = (
				62619353240D092D00562BDF /* SignInVC.swift */,
				62048A68240EDBDD006207AC /* SignInVM.swift */,
			);
			path = Login;
			sourceTree = "<group>";
		};
		A01B99A225E2C9190080FEC8 /* Common */ = {
			isa = PBXGroup;
			children = (
				6279CF2523FEBB0C008B18DA /* Welcome.storyboard */,
			);
			path = Common;
			sourceTree = "<group>";
		};
		A01B99A925E2CEE40080FEC8 /* Main */ = {
			isa = PBXGroup;
			children = (
				A01B99AA25E2CF430080FEC8 /* STMainVC.swift */,
				A01B99AE25E2CF950080FEC8 /* STMainVM.swift */,
			);
			path = Main;
			sourceTree = "<group>";
		};
		A01B99B425E2D1A50080FEC8 /* Segue */ = {
			isa = PBXGroup;
			children = (
				A01B99B525E2D1B90080FEC8 /* STRootWindowSegue.swift */,
			);
			path = Segue;
			sourceTree = "<group>";
		};
		A01B99BF25E2DB000080FEC8 /* Landing */ = {
			isa = PBXGroup;
			children = (
				6261935C240D43D400562BDF /* Views */,
				6261935F240D4D2A00562BDF /* STLandingVM.swift */,
			);
			path = Landing;
			sourceTree = "<group>";
		};
		A03D86AA25E1A3990089F620 /* Response */ = {
			isa = PBXGroup;
			children = (
				62048A6C240F1759006207AC /* IResponse.swift */,
				A03D86AB25E1A3B00089F620 /* STResponse.swift */,
			);
			path = Response;
			sourceTree = "<group>";
		};
		A03D86AF25E1A4000089F620 /* Request */ = {
			isa = PBXGroup;
			children = (
				A03D86B025E1A4490089F620 /* IRequest.swift */,
				A03D86BA25E1DF980089F620 /* STAuthRequest.swift */,
			);
			path = Request;
			sourceTree = "<group>";
		};
		A09B3CD025DC73390036CF3E /* Uitils */ = {
			isa = PBXGroup;
			children = (
				A0C5DCC125DDB61C00DC812D /* STConstants.swift */,
				A0C5DCD825DDB76200DC812D /* Utils.swift */,
				A0EA3A6D25DDBB2800461041 /* STError.swift */,
				A0123C7F25DF1A3E004BBDFF /* STValidator.swift */,
			);
			path = Uitils;
			sourceTree = "<group>";
		};
		A09B3CD125DC73420036CF3E /* Views */ = {
			isa = PBXGroup;
			children = (
				A09B3CD225DC73690036CF3E /* STTextField.swift */,
				A0123C6B25DF121C004BBDFF /* LoadingView */,
			);
			path = Views;
			sourceTree = "<group>";
		};
		A09B3CFE25DC90320036CF3E /* Controllers */ = {
			isa = PBXGroup;
			children = (
				A09B3CFF25DC904F0036CF3E /* STNavigationController.swift */,
			);
			path = Controllers;
			sourceTree = "<group>";
		};
		A0C5DCB425DDB44000DC812D /* Classes */ = {
			isa = PBXGroup;
			children = (
				6279CF1F23FEBB0C008B18DA /* AppDelegate.swift */,
				62048A65240E9811006207AC /* Scense */,
				62AE689C240DDD59001EA58D /* Common */,
			);
			path = Classes;
			sourceTree = "<group>";
		};
		A0C5DCB525DDB4C100DC812D /* Resources */ = {
			isa = PBXGroup;
			children = (
				6279CF2823FEBB0D008B18DA /* Assets.xcassets */,
				6279CF2D23FEBB0D008B18DA /* Info.plist */,
				6279CF2A23FEBB0D008B18DA /* LaunchScreen.storyboard */,
				62AE689B240DDD21001EA58D /* Localizable.strings */,
				6242B7B2240DE6930090BFE4 /* Fonts */,
			);
			path = Resources;
			sourceTree = "<group>";
		};
		A0EA3A6C25DDBA6400461041 /* UI */ = {
			isa = PBXGroup;
			children = (
				A01B99B425E2D1A50080FEC8 /* Segue */,
				62E3136C241C54F200AD79CF /* Animations */,
				A09B3CFE25DC90320036CF3E /* Controllers */,
				A09B3CD125DC73420036CF3E /* Views */,
			);
			path = UI;
			sourceTree = "<group>";
		};
		A0EA3A7125DDC8E600461041 /* Workers */ = {
			isa = PBXGroup;
			children = (
				A0EA3A7225DDC8FF00461041 /* STWorker.swift */,
				A0EA3A7F25DDD25E00461041 /* STAuthWorker.swift */,
			);
			path = Workers;
			sourceTree = "<group>";
		};
		A0EA3A7A25DDD1CE00461041 /* Models */ = {
			isa = PBXGroup;
			children = (
				A0EA3A7B25DDD1E900461041 /* STAuth.swift */,
				62048A66240E99BE006207AC /* User.swift */,
				624A197324118CAE0002F1ED /* SPFile.swift */,
				62E85BCE2412C89A00FB9FD0 /* AppInfo.swift */,
				6226ABEA243149FA0053152E /* SPMediaFile.swift */,
			);
			path = Models;
			sourceTree = "<group>";
		};
		F0EAE25FDBA481D663076C4E /* Pods */ = {
			isa = PBXGroup;
			children = (
				8CCA8E0B47DFA4BA2AA7368A /* Pods-Stingle.debug.xcconfig */,
				0AAEE600921BF35CF314DD9C /* Pods-Stingle.release.xcconfig */,
			);
			path = Pods;
			sourceTree = "<group>";
		};
/* End PBXGroup section */

/* Begin PBXNativeTarget section */
		624A678024040E9000436C2F /* CryptoTests */ = {
			isa = PBXNativeTarget;
			buildConfigurationList = 624A678A24040E9000436C2F /* Build configuration list for PBXNativeTarget "CryptoTests" */;
			buildPhases = (
				624A677D24040E9000436C2F /* Sources */,
				624A677E24040E9000436C2F /* Frameworks */,
				624A677F24040E9000436C2F /* Resources */,
			);
			buildRules = (
			);
			dependencies = (
				624A678724040E9000436C2F /* PBXTargetDependency */,
			);
			name = CryptoTests;
			productName = CryptoTests;
			productReference = 624A678124040E9000436C2F /* CryptoTests.xctest */;
			productType = "com.apple.product-type.bundle.unit-test";
		};
		6279CF1B23FEBB0C008B18DA /* Stingle */ = {
			isa = PBXNativeTarget;
			buildConfigurationList = 6279CF3023FEBB0D008B18DA /* Build configuration list for PBXNativeTarget "Stingle" */;
			buildPhases = (
				704E7A80959564B3AE9D1163 /* [CP] Check Pods Manifest.lock */,
				6279CF1823FEBB0C008B18DA /* Sources */,
				6279CF1923FEBB0C008B18DA /* Frameworks */,
				6279CF1A23FEBB0C008B18DA /* Resources */,
				B1B881BECD84DE51CF4458D7 /* [CP] Embed Pods Frameworks */,
			);
			buildRules = (
			);
			dependencies = (
			);
			name = Stingle;
			productName = Stingle;
			productReference = 6279CF1C23FEBB0C008B18DA /* Stingle.app */;
			productType = "com.apple.product-type.application";
		};
/* End PBXNativeTarget section */

/* Begin PBXProject section */
		6279CF1423FEBB0C008B18DA /* Project object */ = {
			isa = PBXProject;
			attributes = {
				CLASSPREFIX = ST;
				LastSwiftUpdateCheck = 1130;
				LastUpgradeCheck = 1240;
				ORGANIZATIONNAME = Stingle;
				TargetAttributes = {
					624A678024040E9000436C2F = {
						CreatedOnToolsVersion = 11.3.1;
						TestTargetID = 6279CF1B23FEBB0C008B18DA;
					};
					6279CF1B23FEBB0C008B18DA = {
						CreatedOnToolsVersion = 11.3.1;
					};
				};
			};
			buildConfigurationList = 6279CF1723FEBB0C008B18DA /* Build configuration list for PBXProject "Stingle" */;
			compatibilityVersion = "Xcode 9.3";
			developmentRegion = en;
			hasScannedForEncodings = 0;
			knownRegions = (
				en,
				Base,
			);
			mainGroup = 6279CF1323FEBB0C008B18DA;
			productRefGroup = 6279CF1D23FEBB0C008B18DA /* Products */;
			projectDirPath = "";
			projectRoot = "";
			targets = (
				6279CF1B23FEBB0C008B18DA /* Stingle */,
				624A678024040E9000436C2F /* CryptoTests */,
			);
		};
/* End PBXProject section */

/* Begin PBXResourcesBuildPhase section */
		624A677F24040E9000436C2F /* Resources */ = {
			isa = PBXResourcesBuildPhase;
			buildActionMask = 2147483647;
			files = (
			);
			runOnlyForDeploymentPostprocessing = 0;
		};
		6279CF1A23FEBB0C008B18DA /* Resources */ = {
			isa = PBXResourcesBuildPhase;
			buildActionMask = 2147483647;
			files = (
				6242B7C7240DE6930090BFE4 /* SF Compact Display Medium.ttf in Resources */,
				6242B7C2240DE6930090BFE4 /* SF-Pro-Display-Heavy.ttf in Resources */,
				6242B7CC240DE6930090BFE4 /* Montserrat-Regular.ttf in Resources */,
				A0123C7125DF123B004BBDFF /* STLoadingView.xib in Resources */,
				620E18CD2419F48200097A16 /* SPCollectionHeader.xib in Resources */,
				62048A64240E97FF006207AC /* Home.storyboard in Resources */,
				6242B7C1240DE6930090BFE4 /* NotoSans-Regular.ttf in Resources */,
				6242B7C8240DE6930090BFE4 /* SF-Pro-Display-Light.ttf in Resources */,
				6242B7C5240DE6930090BFE4 /* Roboto-Regular.ttf in Resources */,
				6284A4CD241582F8003C3FA5 /* SPCollectionViewCell.xib in Resources */,
				6242B7C3240DE6930090BFE4 /* SF-Pro-Display-Regular.otf in Resources */,
				6242B7C0240DE6930090BFE4 /* Roboto-Medium.ttf in Resources */,
				6279CF2C23FEBB0D008B18DA /* LaunchScreen.storyboard in Resources */,
				6242B7CB240DE6930090BFE4 /* SF-Pro-Display-Semibold.otf in Resources */,
				6242B7C6240DE6930090BFE4 /* SF-Pro-Display-Medium.otf in Resources */,
				6242B7C4240DE6930090BFE4 /* SF-UI-Display-Light.otf in Resources */,
				62AE6899240DDD21001EA58D /* Localizable.strings in Resources */,
				6279CF2923FEBB0D008B18DA /* Assets.xcassets in Resources */,
				6242B7CA240DE6930090BFE4 /* SF Compact Display Regular.ttf in Resources */,
				6279CF2723FEBB0C008B18DA /* Welcome.storyboard in Resources */,
				6242B7C9240DE6930090BFE4 /* SF-Pro-Display-Bold.ttf in Resources */,
			);
			runOnlyForDeploymentPostprocessing = 0;
		};
/* End PBXResourcesBuildPhase section */

/* Begin PBXShellScriptBuildPhase section */
		704E7A80959564B3AE9D1163 /* [CP] Check Pods Manifest.lock */ = {
			isa = PBXShellScriptBuildPhase;
			buildActionMask = 2147483647;
			files = (
			);
			inputFileListPaths = (
			);
			inputPaths = (
				"${PODS_PODFILE_DIR_PATH}/Podfile.lock",
				"${PODS_ROOT}/Manifest.lock",
			);
			name = "[CP] Check Pods Manifest.lock";
			outputFileListPaths = (
			);
			outputPaths = (
				"$(DERIVED_FILE_DIR)/Pods-Stingle-checkManifestLockResult.txt",
			);
			runOnlyForDeploymentPostprocessing = 0;
			shellPath = /bin/sh;
			shellScript = "diff \"${PODS_PODFILE_DIR_PATH}/Podfile.lock\" \"${PODS_ROOT}/Manifest.lock\" > /dev/null\nif [ $? != 0 ] ; then\n    # print error to STDERR\n    echo \"error: The sandbox is not in sync with the Podfile.lock. Run 'pod install' or update your CocoaPods installation.\" >&2\n    exit 1\nfi\n# This output is used by Xcode 'outputs' to avoid re-running this script phase.\necho \"SUCCESS\" > \"${SCRIPT_OUTPUT_FILE_0}\"\n";
			showEnvVarsInLog = 0;
		};
		B1B881BECD84DE51CF4458D7 /* [CP] Embed Pods Frameworks */ = {
			isa = PBXShellScriptBuildPhase;
			buildActionMask = 2147483647;
			files = (
			);
			inputFileListPaths = (
				"${PODS_ROOT}/Target Support Files/Pods-Stingle/Pods-Stingle-frameworks-${CONFIGURATION}-input-files.xcfilelist",
			);
			name = "[CP] Embed Pods Frameworks";
			outputFileListPaths = (
				"${PODS_ROOT}/Target Support Files/Pods-Stingle/Pods-Stingle-frameworks-${CONFIGURATION}-output-files.xcfilelist",
			);
			runOnlyForDeploymentPostprocessing = 0;
			shellPath = /bin/sh;
			shellScript = "\"${PODS_ROOT}/Target Support Files/Pods-Stingle/Pods-Stingle-frameworks.sh\"\n";
			showEnvVarsInLog = 0;
		};
/* End PBXShellScriptBuildPhase section */

/* Begin PBXSourcesBuildPhase section */
		624A677D24040E9000436C2F /* Sources */ = {
			isa = PBXSourcesBuildPhase;
			buildActionMask = 2147483647;
			files = (
				624A678424040E9000436C2F /* CryptoTests.swift in Sources */,
			);
			runOnlyForDeploymentPostprocessing = 0;
		};
		6279CF1823FEBB0C008B18DA /* Sources */ = {
			isa = PBXSourcesBuildPhase;
			buildActionMask = 2147483647;
			files = (
				A03D86BB25E1DF980089F620 /* STAuthRequest.swift in Sources */,
				624A197024116B370002F1ED /* GalleryVM.swift in Sources */,
				624A1947241115250002F1ED /* StingleModel.xcdatamodeld in Sources */,
				626AB75C2426C04000168659 /* SPMediaPreviewVM.swift in Sources */,
				A01B99AF25E2CF950080FEC8 /* STMainVM.swift in Sources */,
				62048A6B240EEC82006207AC /* NetworkManager.swift in Sources */,
				A0123C8425DF2023004BBDFF /* UIViewController+Extension.swift in Sources */,
				62EDF4CD23FEDE3700C868F5 /* Crypto.swift in Sources */,
				6242B7B1240DDEA00090BFE4 /* String+Extensions.swift in Sources */,
				A03D86AC25E1A3B00089F620 /* STResponse.swift in Sources */,
				62619354240D092D00562BDF /* SignInVC.swift in Sources */,
				620C02D723FED51E00999057 /* BackupPhraseVC.swift in Sources */,
				6261935B240D0E8400562BDF /* BaseVC.swift in Sources */,
				626B0607242EDDE60092B55E /* GalleryFrontVC.swift in Sources */,
				62D9D0392453B4C60001D0D8 /* STSignUpVM.swift in Sources */,
				62619360240D4D2A00562BDF /* STLandingVM.swift in Sources */,
				6233925F2406D11600A0F64F /* SPFileManager.swift in Sources */,
				626AB75A2426BB0000168659 /* SPImagePageVC.swift in Sources */,
				6251FC152444FF35002023B2 /* UITextField+Extensions.swift in Sources */,
				624A197224116D8B0002F1ED /* DataBase.swift in Sources */,
				62B9F63A2407EE2E0014E3AF /* CryptoError.swift in Sources */,
				62E20E7224680DDB00563FC3 /* SPFileSource.swift in Sources */,
				62504374241ACD2400A90F3A /* SPMenuCell.swift in Sources */,
				620C02D523FED4FB00999057 /* TrashVC.swift in Sources */,
				620E18DD241A2E1C00097A16 /* SPMenuVC.swift in Sources */,
				A0123C6D25DF1232004BBDFF /* STLoadingView.swift in Sources */,
				62AE6894240D55CD001EA58D /* Theme.swift in Sources */,
				A0EA3A6E25DDBB2800461041 /* STError.swift in Sources */,
				A03D86B525E1C57D0089F620 /* STNetworkDispatcher.swift in Sources */,
				A09B3D0025DC904F0036CF3E /* STNavigationController.swift in Sources */,
				62C0CAEA2461A6AC003C5756 /* Window.swift in Sources */,
				624A197424118CAE0002F1ED /* SPFile.swift in Sources */,
				6279CF2023FEBB0C008B18DA /* AppDelegate.swift in Sources */,
				6239B148240096B60041F703 /* Crypto+Extensions.swift in Sources */,
				A01B99AB25E2CF430080FEC8 /* STMainVC.swift in Sources */,
				62048A6F240F1766006207AC /* SPRequest.swift in Sources */,
				62048A6D240F1759006207AC /* IResponse.swift in Sources */,
				62504376241AD24C00A90F3A /* SPMenuVM.swift in Sources */,
				62504370241AB6FF00A90F3A /* Image+Extension.swift in Sources */,
				A0EA3A7C25DDD1E900461041 /* STAuth.swift in Sources */,
				A09B3CD325DC73690036CF3E /* STTextField.swift in Sources */,
				6284A4CC241582F8003C3FA5 /* SPCollectionViewCell.swift in Sources */,
				62E754562412DE9600D8FB96 /* Date.swift in Sources */,
				A0C5DCD125DDB65600DC812D /* STConstants.swift in Sources */,
				A0123C8025DF1A3E004BBDFF /* STValidator.swift in Sources */,
				A0C5DCD925DDB76200DC812D /* Utils.swift in Sources */,
				A0EA3A8025DDD25E00461041 /* STAuthWorker.swift in Sources */,
				A03D86B125E1A4490089F620 /* IRequest.swift in Sources */,
				62048A69240EDBDD006207AC /* SignInVM.swift in Sources */,
				62E7545E241331D400D8FB96 /* SPEvent.swift in Sources */,
				62AE68A0240DDDBE001EA58D /* Localize.swift in Sources */,
				A01B99B625E2D1B90080FEC8 /* STRootWindowSegue.swift in Sources */,
				62E85BCF2412C89A00FB9FD0 /* AppInfo.swift in Sources */,
				62E20E782469CB6300563FC3 /* SPMediaPreviewVC.swift in Sources */,
				620C02D323FED4EC00999057 /* GalleryVC.swift in Sources */,
				6226ABE9243149DA0053152E /* SPMediaFileManager.swift in Sources */,
				62619359240D096000562BDF /* STLandingVC.swift in Sources */,
				62AE6896240D7E54001EA58D /* CurrentPageVC.swift in Sources */,
				62619357240D094F00562BDF /* STSignUpVC.swift in Sources */,
				6226ABEB243149FA0053152E /* SPMediaFile.swift in Sources */,
				62E3136E241C557500AD79CF /* SwipeInteractionController.swift in Sources */,
				627057AA24265A85006B70F4 /* SPImagePreviewVC.swift in Sources */,
				A0EA3A7325DDC8FF00461041 /* STWorker.swift in Sources */,
				A0123C7525DF126D004BBDFF /* UIView+Extensions.swift in Sources */,
				62E20E7624682A4B00563FC3 /* SPVideoPreviewVC.swift in Sources */,
				626AB75F24280E2800168659 /* SPDatasource.swift in Sources */,
				6261935E240D4CA800562BDF /* HeaderPageVC.swift in Sources */,
				624658D0240F99730050F18F /* KeyManagement.swift in Sources */,
				625F32A92419EB1E00477881 /* SPCollectionHeader.swift in Sources */,
				620C02D923FED52E00999057 /* SettingsVC.swift in Sources */,
				624658CD240F96540050F18F /* SPApplication.swift in Sources */,
				6251FC1724454585002023B2 /* EventManager.swift in Sources */,
				62E31370241C5E3D00AD79CF /* MenuTransitionAnimationControllers.swift in Sources */,
				62E7545C2413306300D8FB96 /* SyncManager.swift in Sources */,
				62048A67240E99BE006207AC /* User.swift in Sources */,
			);
			runOnlyForDeploymentPostprocessing = 0;
		};
/* End PBXSourcesBuildPhase section */

/* Begin PBXTargetDependency section */
		624A678724040E9000436C2F /* PBXTargetDependency */ = {
			isa = PBXTargetDependency;
			target = 6279CF1B23FEBB0C008B18DA /* Stingle */;
			targetProxy = 624A678624040E9000436C2F /* PBXContainerItemProxy */;
		};
/* End PBXTargetDependency section */

/* Begin PBXVariantGroup section */
		6279CF2523FEBB0C008B18DA /* Welcome.storyboard */ = {
			isa = PBXVariantGroup;
			children = (
				6279CF2623FEBB0C008B18DA /* Base */,
			);
			name = Welcome.storyboard;
			sourceTree = "<group>";
		};
		6279CF2A23FEBB0D008B18DA /* LaunchScreen.storyboard */ = {
			isa = PBXVariantGroup;
			children = (
				6279CF2B23FEBB0D008B18DA /* Base */,
			);
			name = LaunchScreen.storyboard;
			sourceTree = "<group>";
		};
		62AE689B240DDD21001EA58D /* Localizable.strings */ = {
			isa = PBXVariantGroup;
			children = (
				62AE689A240DDD21001EA58D /* en */,
			);
			name = Localizable.strings;
			sourceTree = "<group>";
		};
/* End PBXVariantGroup section */

/* Begin XCBuildConfiguration section */
		624A678824040E9000436C2F /* Debug */ = {
			isa = XCBuildConfiguration;
			buildSettings = {
				BUNDLE_LOADER = "$(TEST_HOST)";
				CODE_SIGN_STYLE = Automatic;
				DEVELOPMENT_TEAM = 6FR7795JTL;
				INFOPLIST_FILE = CryptoTests/Info.plist;
				LD_RUNPATH_SEARCH_PATHS = (
					"$(inherited)",
					"@executable_path/Frameworks",
					"@loader_path/Frameworks",
				);
				PRODUCT_BUNDLE_IDENTIFIER = com.photos.Stingle.CryptoTests;
				PRODUCT_NAME = "$(TARGET_NAME)";
				SWIFT_VERSION = 5.0;
				TARGETED_DEVICE_FAMILY = "1,2";
				TEST_HOST = "$(BUILT_PRODUCTS_DIR)/Stingle.app/Stingle";
			};
			name = Debug;
		};
		624A678924040E9000436C2F /* Release */ = {
			isa = XCBuildConfiguration;
			buildSettings = {
				BUNDLE_LOADER = "$(TEST_HOST)";
				CODE_SIGN_STYLE = Automatic;
				DEVELOPMENT_TEAM = 6FR7795JTL;
				INFOPLIST_FILE = CryptoTests/Info.plist;
				LD_RUNPATH_SEARCH_PATHS = (
					"$(inherited)",
					"@executable_path/Frameworks",
					"@loader_path/Frameworks",
				);
				PRODUCT_BUNDLE_IDENTIFIER = com.photos.Stingle.CryptoTests;
				PRODUCT_NAME = "$(TARGET_NAME)";
				SWIFT_VERSION = 5.0;
				TARGETED_DEVICE_FAMILY = "1,2";
				TEST_HOST = "$(BUILT_PRODUCTS_DIR)/Stingle.app/Stingle";
			};
			name = Release;
		};
		6279CF2E23FEBB0D008B18DA /* Debug */ = {
			isa = XCBuildConfiguration;
			buildSettings = {
				ALWAYS_SEARCH_USER_PATHS = NO;
				CLANG_ANALYZER_NONNULL = YES;
				CLANG_ANALYZER_NUMBER_OBJECT_CONVERSION = YES_AGGRESSIVE;
				CLANG_CXX_LANGUAGE_STANDARD = "gnu++14";
				CLANG_CXX_LIBRARY = "libc++";
				CLANG_ENABLE_MODULES = YES;
				CLANG_ENABLE_OBJC_ARC = YES;
				CLANG_ENABLE_OBJC_WEAK = YES;
				CLANG_WARN_BLOCK_CAPTURE_AUTORELEASING = YES;
				CLANG_WARN_BOOL_CONVERSION = YES;
				CLANG_WARN_COMMA = YES;
				CLANG_WARN_CONSTANT_CONVERSION = YES;
				CLANG_WARN_DEPRECATED_OBJC_IMPLEMENTATIONS = YES;
				CLANG_WARN_DIRECT_OBJC_ISA_USAGE = YES_ERROR;
				CLANG_WARN_DOCUMENTATION_COMMENTS = YES;
				CLANG_WARN_EMPTY_BODY = YES;
				CLANG_WARN_ENUM_CONVERSION = YES;
				CLANG_WARN_INFINITE_RECURSION = YES;
				CLANG_WARN_INT_CONVERSION = YES;
				CLANG_WARN_NON_LITERAL_NULL_CONVERSION = YES;
				CLANG_WARN_OBJC_IMPLICIT_RETAIN_SELF = YES;
				CLANG_WARN_OBJC_LITERAL_CONVERSION = YES;
				CLANG_WARN_OBJC_ROOT_CLASS = YES_ERROR;
				CLANG_WARN_QUOTED_INCLUDE_IN_FRAMEWORK_HEADER = YES;
				CLANG_WARN_RANGE_LOOP_ANALYSIS = YES;
				CLANG_WARN_STRICT_PROTOTYPES = YES;
				CLANG_WARN_SUSPICIOUS_MOVE = YES;
				CLANG_WARN_UNGUARDED_AVAILABILITY = YES_AGGRESSIVE;
				CLANG_WARN_UNREACHABLE_CODE = YES;
				CLANG_WARN__DUPLICATE_METHOD_MATCH = YES;
				COPY_PHASE_STRIP = NO;
				DEBUG_INFORMATION_FORMAT = dwarf;
				ENABLE_STRICT_OBJC_MSGSEND = YES;
				ENABLE_TESTABILITY = YES;
				GCC_C_LANGUAGE_STANDARD = gnu11;
				GCC_DYNAMIC_NO_PIC = NO;
				GCC_NO_COMMON_BLOCKS = YES;
				GCC_OPTIMIZATION_LEVEL = 0;
				GCC_PREPROCESSOR_DEFINITIONS = (
					"DEBUG=1",
					"$(inherited)",
				);
				GCC_WARN_64_TO_32_BIT_CONVERSION = YES;
				GCC_WARN_ABOUT_RETURN_TYPE = YES_ERROR;
				GCC_WARN_UNDECLARED_SELECTOR = YES;
				GCC_WARN_UNINITIALIZED_AUTOS = YES_AGGRESSIVE;
				GCC_WARN_UNUSED_FUNCTION = YES;
				GCC_WARN_UNUSED_VARIABLE = YES;
				INFOPLIST_FILE = "";
				IPHONEOS_DEPLOYMENT_TARGET = 13.2;
				MTL_ENABLE_DEBUG_INFO = INCLUDE_SOURCE;
				MTL_FAST_MATH = YES;
				ONLY_ACTIVE_ARCH = YES;
				SDKROOT = iphoneos;
				SWIFT_ACTIVE_COMPILATION_CONDITIONS = DEBUG;
				SWIFT_OPTIMIZATION_LEVEL = "-Onone";
			};
			name = Debug;
		};
		6279CF2F23FEBB0D008B18DA /* Release */ = {
			isa = XCBuildConfiguration;
			buildSettings = {
				ALWAYS_SEARCH_USER_PATHS = NO;
				CLANG_ANALYZER_NONNULL = YES;
				CLANG_ANALYZER_NUMBER_OBJECT_CONVERSION = YES_AGGRESSIVE;
				CLANG_CXX_LANGUAGE_STANDARD = "gnu++14";
				CLANG_CXX_LIBRARY = "libc++";
				CLANG_ENABLE_MODULES = YES;
				CLANG_ENABLE_OBJC_ARC = YES;
				CLANG_ENABLE_OBJC_WEAK = YES;
				CLANG_WARN_BLOCK_CAPTURE_AUTORELEASING = YES;
				CLANG_WARN_BOOL_CONVERSION = YES;
				CLANG_WARN_COMMA = YES;
				CLANG_WARN_CONSTANT_CONVERSION = YES;
				CLANG_WARN_DEPRECATED_OBJC_IMPLEMENTATIONS = YES;
				CLANG_WARN_DIRECT_OBJC_ISA_USAGE = YES_ERROR;
				CLANG_WARN_DOCUMENTATION_COMMENTS = YES;
				CLANG_WARN_EMPTY_BODY = YES;
				CLANG_WARN_ENUM_CONVERSION = YES;
				CLANG_WARN_INFINITE_RECURSION = YES;
				CLANG_WARN_INT_CONVERSION = YES;
				CLANG_WARN_NON_LITERAL_NULL_CONVERSION = YES;
				CLANG_WARN_OBJC_IMPLICIT_RETAIN_SELF = YES;
				CLANG_WARN_OBJC_LITERAL_CONVERSION = YES;
				CLANG_WARN_OBJC_ROOT_CLASS = YES_ERROR;
				CLANG_WARN_QUOTED_INCLUDE_IN_FRAMEWORK_HEADER = YES;
				CLANG_WARN_RANGE_LOOP_ANALYSIS = YES;
				CLANG_WARN_STRICT_PROTOTYPES = YES;
				CLANG_WARN_SUSPICIOUS_MOVE = YES;
				CLANG_WARN_UNGUARDED_AVAILABILITY = YES_AGGRESSIVE;
				CLANG_WARN_UNREACHABLE_CODE = YES;
				CLANG_WARN__DUPLICATE_METHOD_MATCH = YES;
				COPY_PHASE_STRIP = NO;
				DEBUG_INFORMATION_FORMAT = "dwarf-with-dsym";
				ENABLE_NS_ASSERTIONS = NO;
				ENABLE_STRICT_OBJC_MSGSEND = YES;
				GCC_C_LANGUAGE_STANDARD = gnu11;
				GCC_NO_COMMON_BLOCKS = YES;
				GCC_WARN_64_TO_32_BIT_CONVERSION = YES;
				GCC_WARN_ABOUT_RETURN_TYPE = YES_ERROR;
				GCC_WARN_UNDECLARED_SELECTOR = YES;
				GCC_WARN_UNINITIALIZED_AUTOS = YES_AGGRESSIVE;
				GCC_WARN_UNUSED_FUNCTION = YES;
				GCC_WARN_UNUSED_VARIABLE = YES;
				INFOPLIST_FILE = "";
				IPHONEOS_DEPLOYMENT_TARGET = 13.2;
				MTL_ENABLE_DEBUG_INFO = NO;
				MTL_FAST_MATH = YES;
				SDKROOT = iphoneos;
				SWIFT_COMPILATION_MODE = wholemodule;
				SWIFT_OPTIMIZATION_LEVEL = "-O";
				VALIDATE_PRODUCT = YES;
			};
			name = Release;
		};
		6279CF3123FEBB0D008B18DA /* Debug */ = {
			isa = XCBuildConfiguration;
			baseConfigurationReference = 8CCA8E0B47DFA4BA2AA7368A /* Pods-Stingle.debug.xcconfig */;
			buildSettings = {
				ASSETCATALOG_COMPILER_APPICON_NAME = AppIcon;
				CODE_SIGN_STYLE = Automatic;
				DEVELOPMENT_TEAM = CW49KPVSFU;
				ENABLE_BITCODE = NO;
				FRAMEWORK_SEARCH_PATHS = (
					"$(inherited)",
					"\"${PODS_CONFIGURATION_BUILD_DIR}/Sodium\"",
					"\"$(SRCROOT)/../probes/VLCKit/build/\"",
				);
				INFOPLIST_FILE = Stingle/Resources/Info.plist;
				IPHONEOS_DEPLOYMENT_TARGET = 13.2;
				LD_RUNPATH_SEARCH_PATHS = (
					"$(inherited)",
					"@executable_path/Frameworks",
				);
				PRODUCT_BUNDLE_IDENTIFIER = com.photos.Stingle;
				PRODUCT_NAME = "$(TARGET_NAME)";
				SWIFT_VERSION = 5.0;
				TARGETED_DEVICE_FAMILY = 1;
			};
			name = Debug;
		};
		6279CF3223FEBB0D008B18DA /* Release */ = {
			isa = XCBuildConfiguration;
			baseConfigurationReference = 0AAEE600921BF35CF314DD9C /* Pods-Stingle.release.xcconfig */;
			buildSettings = {
				ASSETCATALOG_COMPILER_APPICON_NAME = AppIcon;
				CODE_SIGN_STYLE = Automatic;
				DEVELOPMENT_TEAM = CW49KPVSFU;
				ENABLE_BITCODE = NO;
				FRAMEWORK_SEARCH_PATHS = (
					"$(inherited)",
					"\"${PODS_CONFIGURATION_BUILD_DIR}/Sodium\"",
					"\"$(SRCROOT)/../probes/VLCKit/build/\"",
				);
				INFOPLIST_FILE = Stingle/Resources/Info.plist;
				IPHONEOS_DEPLOYMENT_TARGET = 13.2;
				LD_RUNPATH_SEARCH_PATHS = (
					"$(inherited)",
					"@executable_path/Frameworks",
				);
				PRODUCT_BUNDLE_IDENTIFIER = org.photos.stingle1;
				PRODUCT_NAME = "$(TARGET_NAME)";
				SWIFT_VERSION = 5.0;
				TARGETED_DEVICE_FAMILY = 1;
			};
			name = Release;
		};
/* End XCBuildConfiguration section */

/* Begin XCConfigurationList section */
		624A678A24040E9000436C2F /* Build configuration list for PBXNativeTarget "CryptoTests" */ = {
			isa = XCConfigurationList;
			buildConfigurations = (
				624A678824040E9000436C2F /* Debug */,
				624A678924040E9000436C2F /* Release */,
			);
			defaultConfigurationIsVisible = 0;
			defaultConfigurationName = Release;
		};
		6279CF1723FEBB0C008B18DA /* Build configuration list for PBXProject "Stingle" */ = {
			isa = XCConfigurationList;
			buildConfigurations = (
				6279CF2E23FEBB0D008B18DA /* Debug */,
				6279CF2F23FEBB0D008B18DA /* Release */,
			);
			defaultConfigurationIsVisible = 0;
			defaultConfigurationName = Release;
		};
		6279CF3023FEBB0D008B18DA /* Build configuration list for PBXNativeTarget "Stingle" */ = {
			isa = XCConfigurationList;
			buildConfigurations = (
				6279CF3123FEBB0D008B18DA /* Debug */,
				6279CF3223FEBB0D008B18DA /* Release */,
			);
			defaultConfigurationIsVisible = 0;
			defaultConfigurationName = Release;
		};
/* End XCConfigurationList section */

/* Begin XCVersionGroup section */
		624A1945241115250002F1ED /* StingleModel.xcdatamodeld */ = {
			isa = XCVersionGroup;
			children = (
				624A1946241115250002F1ED /* StingleModel.xcdatamodel */,
			);
			currentVersion = 624A1946241115250002F1ED /* StingleModel.xcdatamodel */;
			path = StingleModel.xcdatamodeld;
			sourceTree = "<group>";
			versionGroupType = wrapper.xcdatamodel;
		};
/* End XCVersionGroup section */
	};
	rootObject = 6279CF1423FEBB0C008B18DA /* Project object */;
}
