{
  "pins" : [
    {
      "identity" : "alamofire",
      "kind" : "remoteSourceControl",
      "location" : "https://github.com/Alamofire/Alamofire",
      "state" : {
        "branch" : "master",
        "revision" : "51d67100121d586c9d15ec0227de96442af4dd6d"
      }
    },
    {
      "identity" : "keychain-swift",
      "kind" : "remoteSourceControl",
      "location" : "https://github.com/evgenyneu/keychain-swift",
      "state" : {
        "branch" : "master",
        "revision" : "32a99b537d1c6f3529a08257c28a5feb70c0c5af"
      }
    },
    {
      "identity" : "swift-sodium",
      "kind" : "remoteSourceControl",
      "location" : "https://github.com/jedisct1/swift-sodium",
      "state" : {
        "branch" : "master",
        "revision" : "54d520eb1c0a3d54bfa3175b5310c13fab15bea8"
      }
    }
  ],
  "version" : 2
}
